
Microsoft Visual Studio Solution File, Format Version 12.00
# Visual Studio 15
VisualStudioVersion = 15.0.28010.2050
MinimumVisualStudioVersion = 10.0.40219.1
Project("{FAE04EC0-301F-11D3-BF4B-00C04F79EFBC}") = "Mews_Systems_Iakhina", "Mews_Systems_Iakhina\Mews_Systems_Iakhina.csproj", "{B15B695F-3EC1-4B39-98DC-5CEB57F9A36E}"
EndProject
Global
	GlobalSection(SolutionConfigurationPlatforms) = preSolution
		Debug|Any CPU = Debug|Any CPU
		Release|Any CPU = Release|Any CPU
	EndGlobalSection
	GlobalSection(ProjectConfigurationPlatforms) = postSolution
		{B15B695F-3EC1-4B39-98DC-5CEB57F9A36E}.Debug|Any CPU.ActiveCfg = Debug|Any CPU
		{B15B695F-3EC1-4B39-98DC-5CEB57F9A36E}.Debug|Any CPU.Build.0 = Debug|Any CPU
		{B15B695F-3EC1-4B39-98DC-5CEB57F9A36E}.Release|Any CPU.ActiveCfg = Release|Any CPU
		{B15B695F-3EC1-4B39-98DC-5CEB57F9A36E}.Release|Any CPU.Build.0 = Release|Any CPU
	EndGlobalSection
	GlobalSection(SolutionProperties) = preSolution
		HideSolutionNode = FALSE
	EndGlobalSection
	GlobalSection(ExtensibilityGlobals) = postSolution
		SolutionGuid = {51B91A43-A3C2-4EA2-8159-31A3FDD68FE2}
	EndGlobalSection
EndGlobal
