
Microsoft Visual Studio Solution File, Format Version 12.00
# Visual Studio Version 17
VisualStudioVersion = 17.9.34622.214
MinimumVisualStudioVersion = 10.0.40219.1
Project("{FAE04EC0-301F-11D3-BF4B-00C04F79EFBC}") = "ExchangeRateUpdater.Infrastructure.ExternalAPIs.UnitTests", "ExchangeRateUpdater.Infrastructure.ExternalAPIs.UnitTests.csproj", "{1EF26061-A5F4-4C06-8EA3-CB4C8940CFDC}"
EndProject
Global
	GlobalSection(SolutionConfigurationPlatforms) = preSolution
		Debug|Any CPU = Debug|Any CPU
		Release|Any CPU = Release|Any CPU
	EndGlobalSection
	GlobalSection(ProjectConfigurationPlatforms) = postSolution
		{1EF26061-A5F4-4C06-8EA3-CB4C8940CFDC}.Debug|Any CPU.ActiveCfg = Debug|Any CPU
		{1EF26061-A5F4-4C06-8EA3-CB4C8940CFDC}.Debug|Any CPU.Build.0 = Debug|Any CPU
		{1EF26061-A5F4-4C06-8EA3-CB4C8940CFDC}.Release|Any CPU.ActiveCfg = Release|Any CPU
		{1EF26061-A5F4-4C06-8EA3-CB4C8940CFDC}.Release|Any CPU.Build.0 = Release|Any CPU
	EndGlobalSection
	GlobalSection(SolutionProperties) = preSolution
		HideSolutionNode = FALSE
	EndGlobalSection
	GlobalSection(ExtensibilityGlobals) = postSolution
		SolutionGuid = {6EFB9CCC-44F1-40F5-A63A-E4DBCFBDAB93}
	EndGlobalSection
EndGlobal
