
Microsoft Visual Studio Solution File, Format Version 12.00
# Visual Studio Version 17
VisualStudioVersion = 17.10.34916.146
MinimumVisualStudioVersion = 10.0.40219.1
Project("{9A19103F-16F7-4668-BE54-9A1E7A4F7556}") = "Provider.CzechNationalBank", "API\API.Providers\CzechNationalBank\Provider.CzechNationalBank.csproj", "{BB4B2F0A-BA67-464E-8690-A8F61F71B55F}"
EndProject
Project("{9A19103F-16F7-4668-BE54-9A1E7A4F7556}") = "API.Factory", "API\API.Factory\API.Factory.csproj", "{1331EEA8-5953-4529-8DDF-1757106F6A7B}"
EndProject
Project("{9A19103F-16F7-4668-BE54-9A1E7A4F7556}") = "ConsoleApp", "ConsoleApp\ConsoleApp\ConsoleApp.csproj", "{DCE0E468-925C-4F52-A547-6CBE8B934AAE}"
	ProjectSection(ProjectDependencies) = postProject
		{2DE37715-9B51-4B71-8F86-3CFF699FE629} = {2DE37715-9B51-4B71-8F86-3CFF699FE629}
		{BB4B2F0A-BA67-464E-8690-A8F61F71B55F} = {BB4B2F0A-BA67-464E-8690-A8F61F71B55F}
	EndProjectSection
EndProject
Project("{9A19103F-16F7-4668-BE54-9A1E7A4F7556}") = "API.UnitTests", "API\API.UnitTests\API.UnitTests\API.UnitTests.csproj", "{FF9D5E29-2741-4291-A407-174E829190DD}"
EndProject
Project("{2150E333-8FDC-42A3-9474-1A3956D46DE8}") = "API", "API", "{6A3E4EE4-9EAA-4D81-A1C9-BC6DF9E5D65A}"
EndProject
Project("{2150E333-8FDC-42A3-9474-1A3956D46DE8}") = "Providers", "Providers", "{F582C2FB-D85F-449A-A495-797864E4F489}"
EndProject
Project("{2150E333-8FDC-42A3-9474-1A3956D46DE8}") = "ConsoleClient", "ConsoleClient", "{E5542ED0-310C-4587-A085-BFB7CF476436}"
EndProject
Project("{9A19103F-16F7-4668-BE54-9A1E7A4F7556}") = "API.Controller", "API\API.Controller\API.Controller.csproj", "{2DE37715-9B51-4B71-8F86-3CFF699FE629}"
	ProjectSection(ProjectDependencies) = postProject
		{BB4B2F0A-BA67-464E-8690-A8F61F71B55F} = {BB4B2F0A-BA67-464E-8690-A8F61F71B55F}
	EndProjectSection
EndProject
Project("{2150E333-8FDC-42A3-9474-1A3956D46DE8}") = "ProviderCommon", "ProviderCommon", "{C0DA7C7E-2060-4A7B-AF4D-5995F09F8AD1}"
EndProject
Project("{9A19103F-16F7-4668-BE54-9A1E7A4F7556}") = "Provider.Settings", "API\API.Providers\Common\ExchangeRateProviderSettings\Provider.Settings.csproj", "{991EEBCF-FEC2-4C90-89C0-31DDB19BB492}"
EndProject
Project("{9A19103F-16F7-4668-BE54-9A1E7A4F7556}") = "Provider.Attribute", "API\API.Providers\Common\ExchangeRateProviderAttribute\Provider.Attribute.csproj", "{761FD26B-A495-46CC-BF92-3D62707F81DD}"
EndProject
Project("{9A19103F-16F7-4668-BE54-9A1E7A4F7556}") = "API.Models", "API\API.Models\API.Models.csproj", "{A313D870-7A86-46F2-93A3-444074BEDAA2}"
EndProject
Project("{9A19103F-16F7-4668-BE54-9A1E7A4F7556}") = "ConsoleClient.Dtos", "ConsoleApp\ConsoleClient.Dtos\ConsoleClient.Dtos.csproj", "{A19E66F4-19F5-4727-BD00-B4AD2B891DFF}"
EndProject
Project("{9A19103F-16F7-4668-BE54-9A1E7A4F7556}") = "API.Interfaces", "API\API.Interfaces\API.Interfaces.csproj", "{6DF2E50D-4D9B-426E-8D7B-53943592B875}"
EndProject
Project("{FAE04EC0-301F-11D3-BF4B-00C04F79EFBC}") = "ConsoleClient", "ConsoleApp\ConsoleClient\ConsoleClient.csproj", "{3C73CD9B-558C-4D5B-B85A-7FF5BF4FE47E}"
EndProject
Global
	GlobalSection(SolutionConfigurationPlatforms) = preSolution
		Debug|Any CPU = Debug|Any CPU
		Release|Any CPU = Release|Any CPU
	EndGlobalSection
	GlobalSection(ProjectConfigurationPlatforms) = postSolution
		{BB4B2F0A-BA67-464E-8690-A8F61F71B55F}.Debug|Any CPU.ActiveCfg = Debug|Any CPU
		{BB4B2F0A-BA67-464E-8690-A8F61F71B55F}.Debug|Any CPU.Build.0 = Debug|Any CPU
		{BB4B2F0A-BA67-464E-8690-A8F61F71B55F}.Release|Any CPU.ActiveCfg = Release|Any CPU
		{BB4B2F0A-BA67-464E-8690-A8F61F71B55F}.Release|Any CPU.Build.0 = Release|Any CPU
		{1331EEA8-5953-4529-8DDF-1757106F6A7B}.Debug|Any CPU.ActiveCfg = Debug|Any CPU
		{1331EEA8-5953-4529-8DDF-1757106F6A7B}.Debug|Any CPU.Build.0 = Debug|Any CPU
		{1331EEA8-5953-4529-8DDF-1757106F6A7B}.Release|Any CPU.ActiveCfg = Release|Any CPU
		{1331EEA8-5953-4529-8DDF-1757106F6A7B}.Release|Any CPU.Build.0 = Release|Any CPU
		{DCE0E468-925C-4F52-A547-6CBE8B934AAE}.Debug|Any CPU.ActiveCfg = Debug|Any CPU
		{DCE0E468-925C-4F52-A547-6CBE8B934AAE}.Debug|Any CPU.Build.0 = Debug|Any CPU
		{DCE0E468-925C-4F52-A547-6CBE8B934AAE}.Release|Any CPU.ActiveCfg = Release|Any CPU
		{DCE0E468-925C-4F52-A547-6CBE8B934AAE}.Release|Any CPU.Build.0 = Release|Any CPU
		{FF9D5E29-2741-4291-A407-174E829190DD}.Debug|Any CPU.ActiveCfg = Debug|Any CPU
		{FF9D5E29-2741-4291-A407-174E829190DD}.Debug|Any CPU.Build.0 = Debug|Any CPU
		{FF9D5E29-2741-4291-A407-174E829190DD}.Release|Any CPU.ActiveCfg = Release|Any CPU
		{FF9D5E29-2741-4291-A407-174E829190DD}.Release|Any CPU.Build.0 = Release|Any CPU
		{2DE37715-9B51-4B71-8F86-3CFF699FE629}.Debug|Any CPU.ActiveCfg = Debug|Any CPU
		{2DE37715-9B51-4B71-8F86-3CFF699FE629}.Debug|Any CPU.Build.0 = Debug|Any CPU
		{2DE37715-9B51-4B71-8F86-3CFF699FE629}.Release|Any CPU.ActiveCfg = Release|Any CPU
		{2DE37715-9B51-4B71-8F86-3CFF699FE629}.Release|Any CPU.Build.0 = Release|Any CPU
		{991EEBCF-FEC2-4C90-89C0-31DDB19BB492}.Debug|Any CPU.ActiveCfg = Debug|Any CPU
		{991EEBCF-FEC2-4C90-89C0-31DDB19BB492}.Debug|Any CPU.Build.0 = Debug|Any CPU
		{991EEBCF-FEC2-4C90-89C0-31DDB19BB492}.Release|Any CPU.ActiveCfg = Release|Any CPU
		{991EEBCF-FEC2-4C90-89C0-31DDB19BB492}.Release|Any CPU.Build.0 = Release|Any CPU
		{761FD26B-A495-46CC-BF92-3D62707F81DD}.Debug|Any CPU.ActiveCfg = Debug|Any CPU
		{761FD26B-A495-46CC-BF92-3D62707F81DD}.Debug|Any CPU.Build.0 = Debug|Any CPU
		{761FD26B-A495-46CC-BF92-3D62707F81DD}.Release|Any CPU.ActiveCfg = Release|Any CPU
		{761FD26B-A495-46CC-BF92-3D62707F81DD}.Release|Any CPU.Build.0 = Release|Any CPU
		{A313D870-7A86-46F2-93A3-444074BEDAA2}.Debug|Any CPU.ActiveCfg = Debug|Any CPU
		{A313D870-7A86-46F2-93A3-444074BEDAA2}.Debug|Any CPU.Build.0 = Debug|Any CPU
		{A313D870-7A86-46F2-93A3-444074BEDAA2}.Release|Any CPU.ActiveCfg = Release|Any CPU
		{A313D870-7A86-46F2-93A3-444074BEDAA2}.Release|Any CPU.Build.0 = Release|Any CPU
		{A19E66F4-19F5-4727-BD00-B4AD2B891DFF}.Debug|Any CPU.ActiveCfg = Debug|Any CPU
		{A19E66F4-19F5-4727-BD00-B4AD2B891DFF}.Debug|Any CPU.Build.0 = Debug|Any CPU
		{A19E66F4-19F5-4727-BD00-B4AD2B891DFF}.Release|Any CPU.ActiveCfg = Release|Any CPU
		{A19E66F4-19F5-4727-BD00-B4AD2B891DFF}.Release|Any CPU.Build.0 = Release|Any CPU
		{6DF2E50D-4D9B-426E-8D7B-53943592B875}.Debug|Any CPU.ActiveCfg = Debug|Any CPU
		{6DF2E50D-4D9B-426E-8D7B-53943592B875}.Debug|Any CPU.Build.0 = Debug|Any CPU
		{6DF2E50D-4D9B-426E-8D7B-53943592B875}.Release|Any CPU.ActiveCfg = Release|Any CPU
		{6DF2E50D-4D9B-426E-8D7B-53943592B875}.Release|Any CPU.Build.0 = Release|Any CPU
		{3C73CD9B-558C-4D5B-B85A-7FF5BF4FE47E}.Debug|Any CPU.ActiveCfg = Debug|Any CPU
		{3C73CD9B-558C-4D5B-B85A-7FF5BF4FE47E}.Debug|Any CPU.Build.0 = Debug|Any CPU
		{3C73CD9B-558C-4D5B-B85A-7FF5BF4FE47E}.Release|Any CPU.ActiveCfg = Release|Any CPU
		{3C73CD9B-558C-4D5B-B85A-7FF5BF4FE47E}.Release|Any CPU.Build.0 = Release|Any CPU
	EndGlobalSection
	GlobalSection(SolutionProperties) = preSolution
		HideSolutionNode = FALSE
	EndGlobalSection
	GlobalSection(NestedProjects) = preSolution
		{BB4B2F0A-BA67-464E-8690-A8F61F71B55F} = {F582C2FB-D85F-449A-A495-797864E4F489}
		{1331EEA8-5953-4529-8DDF-1757106F6A7B} = {6A3E4EE4-9EAA-4D81-A1C9-BC6DF9E5D65A}
		{DCE0E468-925C-4F52-A547-6CBE8B934AAE} = {E5542ED0-310C-4587-A085-BFB7CF476436}
		{FF9D5E29-2741-4291-A407-174E829190DD} = {6A3E4EE4-9EAA-4D81-A1C9-BC6DF9E5D65A}
		{F582C2FB-D85F-449A-A495-797864E4F489} = {6A3E4EE4-9EAA-4D81-A1C9-BC6DF9E5D65A}
		{2DE37715-9B51-4B71-8F86-3CFF699FE629} = {6A3E4EE4-9EAA-4D81-A1C9-BC6DF9E5D65A}
		{C0DA7C7E-2060-4A7B-AF4D-5995F09F8AD1} = {F582C2FB-D85F-449A-A495-797864E4F489}
		{991EEBCF-FEC2-4C90-89C0-31DDB19BB492} = {C0DA7C7E-2060-4A7B-AF4D-5995F09F8AD1}
		{761FD26B-A495-46CC-BF92-3D62707F81DD} = {C0DA7C7E-2060-4A7B-AF4D-5995F09F8AD1}
		{A313D870-7A86-46F2-93A3-444074BEDAA2} = {6A3E4EE4-9EAA-4D81-A1C9-BC6DF9E5D65A}
		{A19E66F4-19F5-4727-BD00-B4AD2B891DFF} = {E5542ED0-310C-4587-A085-BFB7CF476436}
		{6DF2E50D-4D9B-426E-8D7B-53943592B875} = {6A3E4EE4-9EAA-4D81-A1C9-BC6DF9E5D65A}
		{3C73CD9B-558C-4D5B-B85A-7FF5BF4FE47E} = {E5542ED0-310C-4587-A085-BFB7CF476436}
	EndGlobalSection
	GlobalSection(ExtensibilityGlobals) = postSolution
		SolutionGuid = {37C0EE4E-41FA-430E-8DCF-32A5886BEFCB}
	EndGlobalSection
EndGlobal
