
Microsoft Visual Studio Solution File, Format Version 12.00
# Visual Studio 15
VisualStudioVersion = 15.0.28307.329
MinimumVisualStudioVersion = 10.0.40219.1
Project("{FAE04EC0-301F-11D3-BF4B-00C04F79EFBC}") = "ExchangeRateUpdater", "ExchangeRateUpdater.csproj", "{7B2695D6-D24C-4460-A58E-A10F08550CE0}"
EndProject
Project("{FAE04EC0-301F-11D3-BF4B-00C04F79EFBC}") = "ExchangeRateUpdater.Tests", "ExchangeRateUpdater.Tests\ExchangeRateUpdater.Tests.csproj", "{AFCB415D-33F1-476D-8B34-28F5ACA76CA1}"
EndProject
Global
	GlobalSection(SolutionConfigurationPlatforms) = preSolution
		Debug|Any CPU = Debug|Any CPU
		Release|Any CPU = Release|Any CPU
	EndGlobalSection
	GlobalSection(ProjectConfigurationPlatforms) = postSolution
		{7B2695D6-D24C-4460-A58E-A10F08550CE0}.Debug|Any CPU.ActiveCfg = Debug|Any CPU
		{7B2695D6-D24C-4460-A58E-A10F08550CE0}.Debug|Any CPU.Build.0 = Debug|Any CPU
		{7B2695D6-D24C-4460-A58E-A10F08550CE0}.Release|Any CPU.ActiveCfg = Release|Any CPU
		{7B2695D6-D24C-4460-A58E-A10F08550CE0}.Release|Any CPU.Build.0 = Release|Any CPU
		{AFCB415D-33F1-476D-8B34-28F5ACA76CA1}.Debug|Any CPU.ActiveCfg = Debug|Any CPU
		{AFCB415D-33F1-476D-8B34-28F5ACA76CA1}.Debug|Any CPU.Build.0 = Debug|Any CPU
		{AFCB415D-33F1-476D-8B34-28F5ACA76CA1}.Release|Any CPU.ActiveCfg = Release|Any CPU
		{AFCB415D-33F1-476D-8B34-28F5ACA76CA1}.Release|Any CPU.Build.0 = Release|Any CPU
	EndGlobalSection
	GlobalSection(SolutionProperties) = preSolution
		HideSolutionNode = FALSE
	EndGlobalSection
	GlobalSection(ExtensibilityGlobals) = postSolution
		SolutionGuid = {31D4FA27-BBC4-4107-905E-471F27ECB070}
	EndGlobalSection
EndGlobal
