
Microsoft Visual Studio Solution File, Format Version 12.00
# Visual Studio Version 16
VisualStudioVersion = 16.0.29609.76
MinimumVisualStudioVersion = 10.0.40219.1
Project("{9A19103F-16F7-4668-BE54-9A1E7A4F7556}") = "ExchangeRateUpdaterV2", "ExchangeRateUpdaterV2.csproj", "{40F0771F-6C83-443A-9F98-4DF82BF8D62C}"
EndProject
Global
	GlobalSection(SolutionConfigurationPlatforms) = preSolution
		Debug|Any CPU = Debug|Any CPU
		Release|Any CPU = Release|Any CPU
	EndGlobalSection
	GlobalSection(ProjectConfigurationPlatforms) = postSolution
		{40F0771F-6C83-443A-9F98-4DF82BF8D62C}.Debug|Any CPU.ActiveCfg = Debug|Any CPU
		{40F0771F-6C83-443A-9F98-4DF82BF8D62C}.Debug|Any CPU.Build.0 = Debug|Any CPU
		{40F0771F-6C83-443A-9F98-4DF82BF8D62C}.Release|Any CPU.ActiveCfg = Release|Any CPU
		{40F0771F-6C83-443A-9F98-4DF82BF8D62C}.Release|Any CPU.Build.0 = Release|Any CPU
	EndGlobalSection
	GlobalSection(SolutionProperties) = preSolution
		HideSolutionNode = FALSE
	EndGlobalSection
	GlobalSection(ExtensibilityGlobals) = postSolution
		SolutionGuid = {541C9342-1652-4CE3-9982-0E1001AC5774}
	EndGlobalSection
EndGlobal
