
Microsoft Visual Studio Solution File, Format Version 12.00
# Visual Studio Version 16
VisualStudioVersion = 16.0.29613.14
MinimumVisualStudioVersion = 10.0.40219.1
Project("{9A19103F-16F7-4668-BE54-9A1E7A4F7556}") = "ExchangeRateUpdater", "ExchangeRateUpdater\ExchangeRateUpdater.csproj", "{304735DC-9407-4712-B102-EC991ADD53A4}"
EndProject
Project("{FAE04EC0-301F-11D3-BF4B-00C04F79EFBC}") = "ExchangeRateUpdaterTests", "ExchangeRateUpdaterTests\ExchangeRateUpdaterTests.csproj", "{BABD6CD2-8A98-4306-BEFB-8DFFD98EA55A}"
EndProject
Global
	GlobalSection(SolutionConfigurationPlatforms) = preSolution
		Debug|Any CPU = Debug|Any CPU
		Release|Any CPU = Release|Any CPU
	EndGlobalSection
	GlobalSection(ProjectConfigurationPlatforms) = postSolution
		{304735DC-9407-4712-B102-EC991ADD53A4}.Debug|Any CPU.ActiveCfg = Debug|Any CPU
		{304735DC-9407-4712-B102-EC991ADD53A4}.Debug|Any CPU.Build.0 = Debug|Any CPU
		{304735DC-9407-4712-B102-EC991ADD53A4}.Release|Any CPU.ActiveCfg = Release|Any CPU
		{304735DC-9407-4712-B102-EC991ADD53A4}.Release|Any CPU.Build.0 = Release|Any CPU
		{BABD6CD2-8A98-4306-BEFB-8DFFD98EA55A}.Debug|Any CPU.ActiveCfg = Debug|Any CPU
		{BABD6CD2-8A98-4306-BEFB-8DFFD98EA55A}.Debug|Any CPU.Build.0 = Debug|Any CPU
		{BABD6CD2-8A98-4306-BEFB-8DFFD98EA55A}.Release|Any CPU.ActiveCfg = Release|Any CPU
		{BABD6CD2-8A98-4306-BEFB-8DFFD98EA55A}.Release|Any CPU.Build.0 = Release|Any CPU
	EndGlobalSection
	GlobalSection(SolutionProperties) = preSolution
		HideSolutionNode = FALSE
	EndGlobalSection
	GlobalSection(ExtensibilityGlobals) = postSolution
		SolutionGuid = {F0F2FF4C-5E07-4FF7-A599-57C18FA538A5}
	EndGlobalSection
EndGlobal
