
Microsoft Visual Studio Solution File, Format Version 12.00
# Visual Studio Version 17
VisualStudioVersion = 17.11.35327.3
MinimumVisualStudioVersion = 10.0.40219.1
Project("{9A19103F-16F7-4668-BE54-9A1E7A4F7556}") = "ExchangeRateUpdaterConsole", "ExchangeRateUpdaterConsole.csproj", "{7B2695D6-D24C-4460-A58E-A10F08550CE0}"
EndProject
Project("{9A19103F-16F7-4668-BE54-9A1E7A4F7556}") = "ExchangeRateUpdaterLogger", "..\ExchangeRateUpdaterLogger\ExchangeRateUpdaterLogger.csproj", "{9B02BEBD-1667-481C-8EFA-A781709AD2C5}"
EndProject
Project("{9A19103F-16F7-4668-BE54-9A1E7A4F7556}") = "ExchangeRateUpdater.Tests", "..\ExchangeRateUpdater.Tests\ExchangeRateUpdater.Tests.csproj", "{FDEE133A-227C-4826-88ED-46E04F4DDDB8}"
EndProject
Project("{2150E333-8FDC-42A3-9474-1A3956D46DE8}") = "Documents", "Documents", "{9AC6FD2A-748E-4304-88FE-B1DB1E83CC67}"
EndProject
Project("{9A19103F-16F7-4668-BE54-9A1E7A4F7556}") = "ExchangeRateRetreivalService", "..\ExchangeRateRetreivalService\ExchangeRateRetreivalService.csproj", "{4D07415A-DA57-4C3A-8925-B3F9E895C1C9}"
EndProject
Project("{9A19103F-16F7-4668-BE54-9A1E7A4F7556}") = "ExchangeRateUpdaterModels", "..\ExchangeRateUpdaterModels\ExchangeRateUpdaterModels.csproj", "{5A8B861C-5B22-4D4D-AB45-36076A3469B9}"
EndProject
Project("{9A19103F-16F7-4668-BE54-9A1E7A4F7556}") = "ExchangeRateProviderService", "..\ExchangeRateProviderService\ExchangeRateProviderService.csproj", "{E51C4FD2-B47F-4069-AE55-1914118B9D3E}"
EndProject
Project("{FAE04EC0-301F-11D3-BF4B-00C04F79EFBC}") = "ExchangeRateProviderService.Tests", "..\ExchangeRateProvider.Tests\ExchangeRateProviderService.Tests.csproj", "{1EE68CAB-98AD-4864-8C53-C88CCAB1167D}"
EndProject
Project("{FAE04EC0-301F-11D3-BF4B-00C04F79EFBC}") = "ExchangeRateRetreivalService.Tests", "..\ExchangeRateRetreivalService.Tests\ExchangeRateRetreivalService.Tests.csproj", "{4235EF8D-2F75-4CF8-BD25-917A74BFEB86}"
EndProject
Project("{2150E333-8FDC-42A3-9474-1A3956D46DE8}") = "Prometheus", "Prometheus", "{5947C390-13BD-4FB0-A3BD-6D3A17BC0C1F}"
	ProjectSection(SolutionItems) = preProject
		prometheus.yml = prometheus.yml
	EndProjectSection
EndProject
Global
	GlobalSection(SolutionConfigurationPlatforms) = preSolution
		Debug|Any CPU = Debug|Any CPU
		Release|Any CPU = Release|Any CPU
	EndGlobalSection
	GlobalSection(ProjectConfigurationPlatforms) = postSolution
		{7B2695D6-D24C-4460-A58E-A10F08550CE0}.Debug|Any CPU.ActiveCfg = Debug|Any CPU
		{7B2695D6-D24C-4460-A58E-A10F08550CE0}.Debug|Any CPU.Build.0 = Debug|Any CPU
		{7B2695D6-D24C-4460-A58E-A10F08550CE0}.Release|Any CPU.ActiveCfg = Release|Any CPU
		{7B2695D6-D24C-4460-A58E-A10F08550CE0}.Release|Any CPU.Build.0 = Release|Any CPU
		{9B02BEBD-1667-481C-8EFA-A781709AD2C5}.Debug|Any CPU.ActiveCfg = Debug|Any CPU
		{9B02BEBD-1667-481C-8EFA-A781709AD2C5}.Debug|Any CPU.Build.0 = Debug|Any CPU
		{9B02BEBD-1667-481C-8EFA-A781709AD2C5}.Release|Any CPU.ActiveCfg = Release|Any CPU
		{9B02BEBD-1667-481C-8EFA-A781709AD2C5}.Release|Any CPU.Build.0 = Release|Any CPU
		{FDEE133A-227C-4826-88ED-46E04F4DDDB8}.Debug|Any CPU.ActiveCfg = Debug|Any CPU
		{FDEE133A-227C-4826-88ED-46E04F4DDDB8}.Debug|Any CPU.Build.0 = Debug|Any CPU
		{FDEE133A-227C-4826-88ED-46E04F4DDDB8}.Release|Any CPU.ActiveCfg = Release|Any CPU
		{FDEE133A-227C-4826-88ED-46E04F4DDDB8}.Release|Any CPU.Build.0 = Release|Any CPU
		{4D07415A-DA57-4C3A-8925-B3F9E895C1C9}.Debug|Any CPU.ActiveCfg = Debug|Any CPU
		{4D07415A-DA57-4C3A-8925-B3F9E895C1C9}.Debug|Any CPU.Build.0 = Debug|Any CPU
		{4D07415A-DA57-4C3A-8925-B3F9E895C1C9}.Release|Any CPU.ActiveCfg = Release|Any CPU
		{4D07415A-DA57-4C3A-8925-B3F9E895C1C9}.Release|Any CPU.Build.0 = Release|Any CPU
		{5A8B861C-5B22-4D4D-AB45-36076A3469B9}.Debug|Any CPU.ActiveCfg = Debug|Any CPU
		{5A8B861C-5B22-4D4D-AB45-36076A3469B9}.Debug|Any CPU.Build.0 = Debug|Any CPU
		{5A8B861C-5B22-4D4D-AB45-36076A3469B9}.Release|Any CPU.ActiveCfg = Release|Any CPU
		{5A8B861C-5B22-4D4D-AB45-36076A3469B9}.Release|Any CPU.Build.0 = Release|Any CPU
		{E51C4FD2-B47F-4069-AE55-1914118B9D3E}.Debug|Any CPU.ActiveCfg = Debug|Any CPU
		{E51C4FD2-B47F-4069-AE55-1914118B9D3E}.Debug|Any CPU.Build.0 = Debug|Any CPU
		{E51C4FD2-B47F-4069-AE55-1914118B9D3E}.Release|Any CPU.ActiveCfg = Release|Any CPU
		{E51C4FD2-B47F-4069-AE55-1914118B9D3E}.Release|Any CPU.Build.0 = Release|Any CPU
		{1EE68CAB-98AD-4864-8C53-C88CCAB1167D}.Debug|Any CPU.ActiveCfg = Debug|Any CPU
		{1EE68CAB-98AD-4864-8C53-C88CCAB1167D}.Debug|Any CPU.Build.0 = Debug|Any CPU
		{1EE68CAB-98AD-4864-8C53-C88CCAB1167D}.Release|Any CPU.ActiveCfg = Release|Any CPU
		{1EE68CAB-98AD-4864-8C53-C88CCAB1167D}.Release|Any CPU.Build.0 = Release|Any CPU
		{4235EF8D-2F75-4CF8-BD25-917A74BFEB86}.Debug|Any CPU.ActiveCfg = Debug|Any CPU
		{4235EF8D-2F75-4CF8-BD25-917A74BFEB86}.Debug|Any CPU.Build.0 = Debug|Any CPU
		{4235EF8D-2F75-4CF8-BD25-917A74BFEB86}.Release|Any CPU.ActiveCfg = Release|Any CPU
		{4235EF8D-2F75-4CF8-BD25-917A74BFEB86}.Release|Any CPU.Build.0 = Release|Any CPU
	EndGlobalSection
	GlobalSection(SolutionProperties) = preSolution
		HideSolutionNode = FALSE
	EndGlobalSection
	GlobalSection(ExtensibilityGlobals) = postSolution
		SolutionGuid = {C0B3F286-18CA-4998-AD5F-17D07ACFC4DA}
	EndGlobalSection
EndGlobal
