
Microsoft Visual Studio Solution File, Format Version 12.00
# Visual Studio Version 16
VisualStudioVersion = 16.0.32126.315
MinimumVisualStudioVersion = 10.0.40219.1
Project("{FAE04EC0-301F-11D3-BF4B-00C04F79EFBC}") = "ExchangeRateProvider", "ExchangeRateProvider\ExchangeRateProvider.csproj", "{DDA95F10-C764-4B2E-BCF2-70FAD385C4A3}"
EndProject
Project("{FAE04EC0-301F-11D3-BF4B-00C04F79EFBC}") = "ExchangeRateProviderTests", "ExchangeRateProviderTests\ExchangeRateProviderTests.csproj", "{C2E3D13D-1CBA-4C20-85C0-8A7B8A7D3316}"
EndProject
Global
	GlobalSection(SolutionConfigurationPlatforms) = preSolution
		Debug|Any CPU = Debug|Any CPU
		Release|Any CPU = Release|Any CPU
	EndGlobalSection
	GlobalSection(ProjectConfigurationPlatforms) = postSolution
		{DDA95F10-C764-4B2E-BCF2-70FAD385C4A3}.Debug|Any CPU.ActiveCfg = Debug|Any CPU
		{DDA95F10-C764-4B2E-BCF2-70FAD385C4A3}.Debug|Any CPU.Build.0 = Debug|Any CPU
		{DDA95F10-C764-4B2E-BCF2-70FAD385C4A3}.Release|Any CPU.ActiveCfg = Release|Any CPU
		{DDA95F10-C764-4B2E-BCF2-70FAD385C4A3}.Release|Any CPU.Build.0 = Release|Any CPU
		{C2E3D13D-1CBA-4C20-85C0-8A7B8A7D3316}.Debug|Any CPU.ActiveCfg = Debug|Any CPU
		{C2E3D13D-1CBA-4C20-85C0-8A7B8A7D3316}.Debug|Any CPU.Build.0 = Debug|Any CPU
		{C2E3D13D-1CBA-4C20-85C0-8A7B8A7D3316}.Release|Any CPU.ActiveCfg = Release|Any CPU
		{C2E3D13D-1CBA-4C20-85C0-8A7B8A7D3316}.Release|Any CPU.Build.0 = Release|Any CPU
	EndGlobalSection
	GlobalSection(SolutionProperties) = preSolution
		HideSolutionNode = FALSE
	EndGlobalSection
	GlobalSection(ExtensibilityGlobals) = postSolution
		SolutionGuid = {2649D43F-266B-4570-B151-F9135C754786}
	EndGlobalSection
EndGlobal
