
Microsoft Visual Studio Solution File, Format Version 12.00
# Visual Studio Version 17
VisualStudioVersion = 17.3.32825.248
MinimumVisualStudioVersion = 10.0.40219.1
Project("{9A19103F-16F7-4668-BE54-9A1E7A4F7556}") = "ExchangeRateUpdater", "ExchangeRateUpdater.csproj", "{7B2695D6-D24C-4460-A58E-A10F08550CE0}"
EndProject
Project("{FAE04EC0-301F-11D3-BF4B-00C04F79EFBC}") = "Model", "..\Model\Model.csproj", "{999A13BA-D3B9-4B2D-A185-1A263E093368}"
EndProject
Global
	GlobalSection(SolutionConfigurationPlatforms) = preSolution
		Debug|Any CPU = Debug|Any CPU
		Release|Any CPU = Release|Any CPU
	EndGlobalSection
	GlobalSection(ProjectConfigurationPlatforms) = postSolution
		{7B2695D6-D24C-4460-A58E-A10F08550CE0}.Debug|Any CPU.ActiveCfg = Debug|Any CPU
		{7B2695D6-D24C-4460-A58E-A10F08550CE0}.Debug|Any CPU.Build.0 = Debug|Any CPU
		{7B2695D6-D24C-4460-A58E-A10F08550CE0}.Release|Any CPU.ActiveCfg = Release|Any CPU
		{7B2695D6-D24C-4460-A58E-A10F08550CE0}.Release|Any CPU.Build.0 = Release|Any CPU
		{999A13BA-D3B9-4B2D-A185-1A263E093368}.Debug|Any CPU.ActiveCfg = Debug|Any CPU
		{999A13BA-D3B9-4B2D-A185-1A263E093368}.Debug|Any CPU.Build.0 = Debug|Any CPU
		{999A13BA-D3B9-4B2D-A185-1A263E093368}.Release|Any CPU.ActiveCfg = Release|Any CPU
		{999A13BA-D3B9-4B2D-A185-1A263E093368}.Release|Any CPU.Build.0 = Release|Any CPU
	EndGlobalSection
	GlobalSection(SolutionProperties) = preSolution
		HideSolutionNode = FALSE
	EndGlobalSection
	GlobalSection(ExtensibilityGlobals) = postSolution
		SolutionGuid = {D61539EC-FC0E-4F20-A1F1-CE88FE04AFE8}
	EndGlobalSection
EndGlobal
