
Microsoft Visual Studio Solution File, Format Version 12.00
# Visual Studio Version 17
VisualStudioVersion = 17.9.34728.123
MinimumVisualStudioVersion = 10.0.40219.1
Project("{9A19103F-16F7-4668-BE54-9A1E7A4F7556}") = "ExchangeRates.Api", "src\ExchangeRates.Api\ExchangeRates.Api.csproj", "{270C6B19-1AA4-42CE-B89E-1386A007BA2C}"
EndProject
Project("{2150E333-8FDC-42A3-9474-1A3956D46DE8}") = "Solution Items", "Solution Items", "{17F30726-CDDD-41CE-A05C-89B61D93E899}"
	ProjectSection(SolutionItems) = preProject
		.dockerignore = .dockerignore
		.gitignore = .gitignore
		Directory.Build.props = Directory.Build.props
		Directory.Packages.props = Directory.Packages.props
		Dockerfile = Dockerfile
		README.md = README.md
	EndProjectSection
EndProject
Project("{2150E333-8FDC-42A3-9474-1A3956D46DE8}") = "tests", "tests", "{B5A3C02C-EAEA-4FD5-B496-7EC6721B87FD}"
EndProject
Project("{9A19103F-16F7-4668-BE54-9A1E7A4F7556}") = "ExchangeRates.Api.Tests", "tests\ExchangeRates.Api.Tests\ExchangeRates.Api.Tests.csproj", "{B0663D56-F92F-4839-9A82-A7C9AC7A56D5}"
EndProject
Global
	GlobalSection(SolutionConfigurationPlatforms) = preSolution
		Debug|Any CPU = Debug|Any CPU
		Release|Any CPU = Release|Any CPU
	EndGlobalSection
	GlobalSection(ProjectConfigurationPlatforms) = postSolution
		{270C6B19-1AA4-42CE-B89E-1386A007BA2C}.Debug|Any CPU.ActiveCfg = Debug|Any CPU
		{270C6B19-1AA4-42CE-B89E-1386A007BA2C}.Debug|Any CPU.Build.0 = Debug|Any CPU
		{270C6B19-1AA4-42CE-B89E-1386A007BA2C}.Release|Any CPU.ActiveCfg = Release|Any CPU
		{270C6B19-1AA4-42CE-B89E-1386A007BA2C}.Release|Any CPU.Build.0 = Release|Any CPU
		{B0663D56-F92F-4839-9A82-A7C9AC7A56D5}.Debug|Any CPU.ActiveCfg = Debug|Any CPU
		{B0663D56-F92F-4839-9A82-A7C9AC7A56D5}.Debug|Any CPU.Build.0 = Debug|Any CPU
		{B0663D56-F92F-4839-9A82-A7C9AC7A56D5}.Release|Any CPU.ActiveCfg = Release|Any CPU
		{B0663D56-F92F-4839-9A82-A7C9AC7A56D5}.Release|Any CPU.Build.0 = Release|Any CPU
	EndGlobalSection
	GlobalSection(SolutionProperties) = preSolution
		HideSolutionNode = FALSE
	EndGlobalSection
	GlobalSection(NestedProjects) = preSolution
		{B0663D56-F92F-4839-9A82-A7C9AC7A56D5} = {B5A3C02C-EAEA-4FD5-B496-7EC6721B87FD}
	EndGlobalSection
	GlobalSection(ExtensibilityGlobals) = postSolution
		SolutionGuid = {E5D76E68-A355-4026-A556-7EA1BB23C731}
	EndGlobalSection
EndGlobal
