
Microsoft Visual Studio Solution File, Format Version 12.00
# Visual Studio Version 17
VisualStudioVersion = 17.0.31903.59
MinimumVisualStudioVersion = 10.0.40219.1
Project("{FAE04EC0-301F-11D3-BF4B-00C04F79EFBC}") = "ExchangesRatesApp", "src\ExchangesRatesApp.csproj", "{0C2EC045-59FC-4AE7-B39E-C3FD037096A6}"
EndProject
Project("{FAE04EC0-301F-11D3-BF4B-00C04F79EFBC}") = "ExchangeRatesTests", "test\ExchangeRatesTests.csproj", "{CE380A25-4484-41B4-BEC0-FC3292A46DF7}"
EndProject
Global
	GlobalSection(SolutionConfigurationPlatforms) = preSolution
		Debug|Any CPU = Debug|Any CPU
		Release|Any CPU = Release|Any CPU
	EndGlobalSection
	GlobalSection(SolutionProperties) = preSolution
		HideSolutionNode = FALSE
	EndGlobalSection
	GlobalSection(ProjectConfigurationPlatforms) = postSolution
		{0C2EC045-59FC-4AE7-B39E-C3FD037096A6}.Debug|Any CPU.ActiveCfg = Debug|Any CPU
		{0C2EC045-59FC-4AE7-B39E-C3FD037096A6}.Debug|Any CPU.Build.0 = Debug|Any CPU
		{0C2EC045-59FC-4AE7-B39E-C3FD037096A6}.Release|Any CPU.ActiveCfg = Release|Any CPU
		{0C2EC045-59FC-4AE7-B39E-C3FD037096A6}.Release|Any CPU.Build.0 = Release|Any CPU
		{CE380A25-4484-41B4-BEC0-FC3292A46DF7}.Debug|Any CPU.ActiveCfg = Debug|Any CPU
		{CE380A25-4484-41B4-BEC0-FC3292A46DF7}.Debug|Any CPU.Build.0 = Debug|Any CPU
		{CE380A25-4484-41B4-BEC0-FC3292A46DF7}.Release|Any CPU.ActiveCfg = Release|Any CPU
		{CE380A25-4484-41B4-BEC0-FC3292A46DF7}.Release|Any CPU.Build.0 = Release|Any CPU
	EndGlobalSection
EndGlobal
