
Microsoft Visual Studio Solution File, Format Version 12.00
# Visual Studio Version 17
VisualStudioVersion = 17.7.34031.279
MinimumVisualStudioVersion = 10.0.40219.1
Project("{9A19103F-16F7-4668-BE54-9A1E7A4F7556}") = "Mews.ExchangeRate.Updater.Host", "src\Mews.ExchangeRate.Updater\Host\Mews.ExchangeRate.Updater.Host.csproj", "{51A91C00-95C4-41F6-AB42-40A8B6358190}"
EndProject
Project("{2150E333-8FDC-42A3-9474-1A3956D46DE8}") = "Mews.ExchangeRate.Updater", "Mews.ExchangeRate.Updater", "{9A67BA92-84E9-4E49-B994-5CB277D6DA76}"
EndProject
Project("{2150E333-8FDC-42A3-9474-1A3956D46DE8}") = "Mews.ExchangeRate.Provider", "Mews.ExchangeRate.Provider", "{7D72E698-3B06-449B-AA1A-55526FB7C976}"
EndProject
Project("{2150E333-8FDC-42A3-9474-1A3956D46DE8}") = "Shared", "Shared", "{8750FF78-67A2-4518-A315-0725915DE145}"
EndProject
Project("{2150E333-8FDC-42A3-9474-1A3956D46DE8}") = "Mews.ExchangeRate.Http", "Mews.ExchangeRate.Http", "{0975BA93-4223-4490-B2AA-EA9B146D47B4}"
EndProject
Project("{9A19103F-16F7-4668-BE54-9A1E7A4F7556}") = "Mews.ExchangeRate.Http.Cnb", "src\libraries\Mews.ExchangeRate.Http.Cnb\src\Mews.ExchangeRate.Http.Cnb.csproj", "{8C6536C9-BECA-4200-9C36-F8FD01A26922}"
EndProject
Project("{2150E333-8FDC-42A3-9474-1A3956D46DE8}") = "Mews.ExchangeRate.Storage", "Mews.ExchangeRate.Storage", "{CAFB7277-D687-4B6F-BF46-49A2D4450319}"
EndProject
Project("{9A19103F-16F7-4668-BE54-9A1E7A4F7556}") = "Mews.ExchangeRate.Storage.Abstractions", "src\libraries\Mews.ExchangeRate.Storage.Abstractions\src\Mews.ExchangeRate.Storage.Abstractions.csproj", "{9EF32D5F-3E58-4F33-8A87-0B10FCE82293}"
EndProject
Project("{9A19103F-16F7-4668-BE54-9A1E7A4F7556}") = "Mews.ExchangeRate.Updater.Bootstrapper", "src\Mews.ExchangeRate.Updater\Bootstrapper\Mews.ExchangeRate.Updater.Bootstrapper.csproj", "{1B7BE944-38E3-4E16-9FF3-55EC0144822C}"
EndProject
Project("{9A19103F-16F7-4668-BE54-9A1E7A4F7556}") = "Mews.ExchangeRate.Updater.Services", "src\Mews.ExchangeRate.Updater\Services\Mews.ExchangeRate.Updater.Services.csproj", "{117D73FF-2EC1-4B97-ABE9-8F895429D2A1}"
EndProject
Project("{9A19103F-16F7-4668-BE54-9A1E7A4F7556}") = "Mews.ExchangeRate.Updater.Services.Abstractions", "src\Mews.ExchangeRate.Updater\Services.Abstractions\Mews.ExchangeRate.Updater.Services.Abstractions.csproj", "{1B1CCF31-F70E-4128-9135-E7C27EFC454D}"
EndProject
Project("{9A19103F-16F7-4668-BE54-9A1E7A4F7556}") = "Mews.ExchangeRate.Updater.Services.Worker", "src\Mews.ExchangeRate.Updater\Worker\Mews.ExchangeRate.Updater.Services.Worker.csproj", "{32BFD7DD-669C-4F49-B5CF-06C7A345B143}"
EndProject
Project("{9A19103F-16F7-4668-BE54-9A1E7A4F7556}") = "Mews.ExchangeRate.Http.Abstractions", "src\libraries\Mews.ExchangeRate.Http.Abstractions\src\Mews.ExchangeRate.Http.Abstractions.csproj", "{CF5CEA6F-9042-488B-A155-061DE7DB2570}"
EndProject
Project("{9A19103F-16F7-4668-BE54-9A1E7A4F7556}") = "Mews.ExchangeRate.Storage.DistributedCache", "src\libraries\Mews.ExchangeRate.Storage.DistributedCache\src\Mews.ExchangeRate.Storage.DistributedCache.csproj", "{42E3D8B7-BB2E-4B2A-A5D3-2386481F91D3}"
EndProject
Project("{2150E333-8FDC-42A3-9474-1A3956D46DE8}") = "Solution Items", "Solution Items", "{44ACF17B-6F91-4B19-ABF2-1D6F8CC7E694}"
	ProjectSection(SolutionItems) = preProject
		Mews.ruleset = Mews.ruleset
	EndProjectSection
EndProject
Project("{2150E333-8FDC-42A3-9474-1A3956D46DE8}") = "src", "src", "{59F9A02F-4EAB-427E-A2D8-A0498022A4EA}"
EndProject
Project("{2150E333-8FDC-42A3-9474-1A3956D46DE8}") = "tests", "tests", "{E918BBE2-52D1-4057-8BAF-B9C8101569C3}"
EndProject
Project("{9A19103F-16F7-4668-BE54-9A1E7A4F7556}") = "Mews.ExchangeRate.Http.Cnb.UnitTests", "src\libraries\Mews.ExchangeRate.Http.Cnb\tests\Mews.ExchangeRate.Http.Cnb.UnitTests\Mews.ExchangeRate.Http.Cnb.UnitTests.csproj", "{2129878A-35A0-4853-AB4A-E6957154E8D1}"
EndProject
Project("{9A19103F-16F7-4668-BE54-9A1E7A4F7556}") = "Mews.ExchangeRate.Http.Cnb.IntegrationTests", "src\libraries\Mews.ExchangeRate.Http.Cnb\tests\Mews.ExchangeRate.Http.Cnb.IntegrationTests\Mews.ExchangeRate.Http.Cnb.IntegrationTests.csproj", "{A7F7EDBD-7C60-4D9F-8ABD-312239CEF944}"
EndProject
Project("{9A19103F-16F7-4668-BE54-9A1E7A4F7556}") = "Mews.ExchangeRate.Domain", "src\libraries\Mews.ExchangeRate.Domain\src\Mews.ExchangeRate.Domain.csproj", "{9FC36F9C-2C2D-405A-A3DE-6FF8675A4D77}"
EndProject
Project("{2150E333-8FDC-42A3-9474-1A3956D46DE8}") = "Mews.ExchangeRate.Domain", "Mews.ExchangeRate.Domain", "{4189AC7C-3802-463F-8147-959933EEC312}"
EndProject
Project("{9A19103F-16F7-4668-BE54-9A1E7A4F7556}") = "Mews.ExchangeRate.Provider.Services", "src\Mews.ExchangeRate.Provider\Services\Mews.ExchangeRate.Provider.Services.csproj", "{CF94FAAB-1F7E-4130-AF6C-7BDC4C16F369}"
EndProject
Project("{9A19103F-16F7-4668-BE54-9A1E7A4F7556}") = "Mews.ExchangeRate.Provider.Host", "src\Mews.ExchangeRate.Provider\Host\Mews.ExchangeRate.Provider.Host.csproj", "{D11DA7F8-F43E-4C64-BDA2-A267708575D7}"
EndProject
Project("{9A19103F-16F7-4668-BE54-9A1E7A4F7556}") = "Mews.ExchangeRate.Provider.Services.Abstractions", "src\Mews.ExchangeRate.Provider\Services.Abstractions\Mews.ExchangeRate.Provider.Services.Abstractions.csproj", "{8FC68534-B9BD-49AE-9388-CDC7E43C3409}"
EndProject
Project("{9A19103F-16F7-4668-BE54-9A1E7A4F7556}") = "Mews.ExchangeRate.Provider.Bootstrapper", "src\Mews.ExchangeRate.Provider\Bootstrapper\Mews.ExchangeRate.Provider.Bootstrapper.csproj", "{176F95F8-3887-4F73-8D94-63C2D42D996B}"
EndProject
Project("{9A19103F-16F7-4668-BE54-9A1E7A4F7556}") = "Mews.ExchangeRate.Provider.UnitTests", "tests\Mews.ExchangeRate.Provider.UnitTests\Mews.ExchangeRate.Provider.UnitTests.csproj", "{4CB0079C-7A56-4801-B44E-ADEFD70F6AF7}"
EndProject
Project("{9A19103F-16F7-4668-BE54-9A1E7A4F7556}") = "Mews.ExchangeRate.Provider.IntegrationTests", "tests\Mews.ExchangeRate.Provider.IntegrationTests\Mews.ExchangeRate.Provider.IntegrationTests.csproj", "{8CE079BF-E434-4D94-8318-D391A8C03A47}"
EndProject
Project("{9A19103F-16F7-4668-BE54-9A1E7A4F7556}") = "Mews.ExchangeRate.Updater.UnitTests", "tests\Mews.ExchangeRate.Updater.UnitTests\Mews.ExchangeRate.Updater.UnitTests.csproj", "{90CF14BD-C506-411A-8BFD-C1D6833EB047}"
EndProject
Project("{FAE04EC0-301F-11D3-BF4B-00C04F79EFBC}") = "Mews.ExchangeRate.Updater.IntegrationTests", "tests\Mews.ExchangeRate.Updater.IntegrationTests\Mews.ExchangeRate.Updater.IntegrationTests.csproj", "{BAC77CA7-599D-4C74-B8C2-18F79CFB3D58}"
EndProject
Project("{FAE04EC0-301F-11D3-BF4B-00C04F79EFBC}") = "Mews.ExchangeRate.Storage.DistributedCache.UnitTests", "src\libraries\Mews.ExchangeRate.Storage.DistributedCache\tests\UnitTests\Mews.ExchangeRate.Storage.DistributedCache.UnitTests.csproj", "{30C1108A-90E6-4F55-8D82-9490E92C1EEB}"
EndProject
Global
	GlobalSection(SolutionConfigurationPlatforms) = preSolution
		Debug|Any CPU = Debug|Any CPU
		Release|Any CPU = Release|Any CPU
	EndGlobalSection
	GlobalSection(ProjectConfigurationPlatforms) = postSolution
		{51A91C00-95C4-41F6-AB42-40A8B6358190}.Debug|Any CPU.ActiveCfg = Debug|Any CPU
		{51A91C00-95C4-41F6-AB42-40A8B6358190}.Debug|Any CPU.Build.0 = Debug|Any CPU
		{51A91C00-95C4-41F6-AB42-40A8B6358190}.Release|Any CPU.ActiveCfg = Release|Any CPU
		{51A91C00-95C4-41F6-AB42-40A8B6358190}.Release|Any CPU.Build.0 = Release|Any CPU
		{8C6536C9-BECA-4200-9C36-F8FD01A26922}.Debug|Any CPU.ActiveCfg = Debug|Any CPU
		{8C6536C9-BECA-4200-9C36-F8FD01A26922}.Debug|Any CPU.Build.0 = Debug|Any CPU
		{8C6536C9-BECA-4200-9C36-F8FD01A26922}.Release|Any CPU.ActiveCfg = Release|Any CPU
		{8C6536C9-BECA-4200-9C36-F8FD01A26922}.Release|Any CPU.Build.0 = Release|Any CPU
		{9EF32D5F-3E58-4F33-8A87-0B10FCE82293}.Debug|Any CPU.ActiveCfg = Debug|Any CPU
		{9EF32D5F-3E58-4F33-8A87-0B10FCE82293}.Debug|Any CPU.Build.0 = Debug|Any CPU
		{9EF32D5F-3E58-4F33-8A87-0B10FCE82293}.Release|Any CPU.ActiveCfg = Release|Any CPU
		{9EF32D5F-3E58-4F33-8A87-0B10FCE82293}.Release|Any CPU.Build.0 = Release|Any CPU
		{1B7BE944-38E3-4E16-9FF3-55EC0144822C}.Debug|Any CPU.ActiveCfg = Debug|Any CPU
		{1B7BE944-38E3-4E16-9FF3-55EC0144822C}.Debug|Any CPU.Build.0 = Debug|Any CPU
		{1B7BE944-38E3-4E16-9FF3-55EC0144822C}.Release|Any CPU.ActiveCfg = Release|Any CPU
		{1B7BE944-38E3-4E16-9FF3-55EC0144822C}.Release|Any CPU.Build.0 = Release|Any CPU
		{117D73FF-2EC1-4B97-ABE9-8F895429D2A1}.Debug|Any CPU.ActiveCfg = Debug|Any CPU
		{117D73FF-2EC1-4B97-ABE9-8F895429D2A1}.Debug|Any CPU.Build.0 = Debug|Any CPU
		{117D73FF-2EC1-4B97-ABE9-8F895429D2A1}.Release|Any CPU.ActiveCfg = Release|Any CPU
		{117D73FF-2EC1-4B97-ABE9-8F895429D2A1}.Release|Any CPU.Build.0 = Release|Any CPU
		{1B1CCF31-F70E-4128-9135-E7C27EFC454D}.Debug|Any CPU.ActiveCfg = Debug|Any CPU
		{1B1CCF31-F70E-4128-9135-E7C27EFC454D}.Debug|Any CPU.Build.0 = Debug|Any CPU
		{1B1CCF31-F70E-4128-9135-E7C27EFC454D}.Release|Any CPU.ActiveCfg = Release|Any CPU
		{1B1CCF31-F70E-4128-9135-E7C27EFC454D}.Release|Any CPU.Build.0 = Release|Any CPU
		{32BFD7DD-669C-4F49-B5CF-06C7A345B143}.Debug|Any CPU.ActiveCfg = Debug|Any CPU
		{32BFD7DD-669C-4F49-B5CF-06C7A345B143}.Debug|Any CPU.Build.0 = Debug|Any CPU
		{32BFD7DD-669C-4F49-B5CF-06C7A345B143}.Release|Any CPU.ActiveCfg = Release|Any CPU
		{32BFD7DD-669C-4F49-B5CF-06C7A345B143}.Release|Any CPU.Build.0 = Release|Any CPU
		{CF5CEA6F-9042-488B-A155-061DE7DB2570}.Debug|Any CPU.ActiveCfg = Debug|Any CPU
		{CF5CEA6F-9042-488B-A155-061DE7DB2570}.Debug|Any CPU.Build.0 = Debug|Any CPU
		{CF5CEA6F-9042-488B-A155-061DE7DB2570}.Release|Any CPU.ActiveCfg = Release|Any CPU
		{CF5CEA6F-9042-488B-A155-061DE7DB2570}.Release|Any CPU.Build.0 = Release|Any CPU
		{42E3D8B7-BB2E-4B2A-A5D3-2386481F91D3}.Debug|Any CPU.ActiveCfg = Debug|Any CPU
		{42E3D8B7-BB2E-4B2A-A5D3-2386481F91D3}.Debug|Any CPU.Build.0 = Debug|Any CPU
		{42E3D8B7-BB2E-4B2A-A5D3-2386481F91D3}.Release|Any CPU.ActiveCfg = Release|Any CPU
		{42E3D8B7-BB2E-4B2A-A5D3-2386481F91D3}.Release|Any CPU.Build.0 = Release|Any CPU
		{2129878A-35A0-4853-AB4A-E6957154E8D1}.Debug|Any CPU.ActiveCfg = Debug|Any CPU
		{2129878A-35A0-4853-AB4A-E6957154E8D1}.Debug|Any CPU.Build.0 = Debug|Any CPU
		{2129878A-35A0-4853-AB4A-E6957154E8D1}.Release|Any CPU.ActiveCfg = Release|Any CPU
		{2129878A-35A0-4853-AB4A-E6957154E8D1}.Release|Any CPU.Build.0 = Release|Any CPU
		{A7F7EDBD-7C60-4D9F-8ABD-312239CEF944}.Debug|Any CPU.ActiveCfg = Debug|Any CPU
		{A7F7EDBD-7C60-4D9F-8ABD-312239CEF944}.Debug|Any CPU.Build.0 = Debug|Any CPU
		{A7F7EDBD-7C60-4D9F-8ABD-312239CEF944}.Release|Any CPU.ActiveCfg = Release|Any CPU
		{A7F7EDBD-7C60-4D9F-8ABD-312239CEF944}.Release|Any CPU.Build.0 = Release|Any CPU
		{9FC36F9C-2C2D-405A-A3DE-6FF8675A4D77}.Debug|Any CPU.ActiveCfg = Debug|Any CPU
		{9FC36F9C-2C2D-405A-A3DE-6FF8675A4D77}.Debug|Any CPU.Build.0 = Debug|Any CPU
		{9FC36F9C-2C2D-405A-A3DE-6FF8675A4D77}.Release|Any CPU.ActiveCfg = Release|Any CPU
		{9FC36F9C-2C2D-405A-A3DE-6FF8675A4D77}.Release|Any CPU.Build.0 = Release|Any CPU
		{CF94FAAB-1F7E-4130-AF6C-7BDC4C16F369}.Debug|Any CPU.ActiveCfg = Debug|Any CPU
		{CF94FAAB-1F7E-4130-AF6C-7BDC4C16F369}.Debug|Any CPU.Build.0 = Debug|Any CPU
		{CF94FAAB-1F7E-4130-AF6C-7BDC4C16F369}.Release|Any CPU.ActiveCfg = Release|Any CPU
		{CF94FAAB-1F7E-4130-AF6C-7BDC4C16F369}.Release|Any CPU.Build.0 = Release|Any CPU
		{D11DA7F8-F43E-4C64-BDA2-A267708575D7}.Debug|Any CPU.ActiveCfg = Debug|Any CPU
		{D11DA7F8-F43E-4C64-BDA2-A267708575D7}.Debug|Any CPU.Build.0 = Debug|Any CPU
		{D11DA7F8-F43E-4C64-BDA2-A267708575D7}.Release|Any CPU.ActiveCfg = Release|Any CPU
		{D11DA7F8-F43E-4C64-BDA2-A267708575D7}.Release|Any CPU.Build.0 = Release|Any CPU
		{8FC68534-B9BD-49AE-9388-CDC7E43C3409}.Debug|Any CPU.ActiveCfg = Debug|Any CPU
		{8FC68534-B9BD-49AE-9388-CDC7E43C3409}.Debug|Any CPU.Build.0 = Debug|Any CPU
		{8FC68534-B9BD-49AE-9388-CDC7E43C3409}.Release|Any CPU.ActiveCfg = Release|Any CPU
		{8FC68534-B9BD-49AE-9388-CDC7E43C3409}.Release|Any CPU.Build.0 = Release|Any CPU
		{176F95F8-3887-4F73-8D94-63C2D42D996B}.Debug|Any CPU.ActiveCfg = Debug|Any CPU
		{176F95F8-3887-4F73-8D94-63C2D42D996B}.Debug|Any CPU.Build.0 = Debug|Any CPU
		{176F95F8-3887-4F73-8D94-63C2D42D996B}.Release|Any CPU.ActiveCfg = Release|Any CPU
		{176F95F8-3887-4F73-8D94-63C2D42D996B}.Release|Any CPU.Build.0 = Release|Any CPU
		{4CB0079C-7A56-4801-B44E-ADEFD70F6AF7}.Debug|Any CPU.ActiveCfg = Debug|Any CPU
		{4CB0079C-7A56-4801-B44E-ADEFD70F6AF7}.Debug|Any CPU.Build.0 = Debug|Any CPU
		{4CB0079C-7A56-4801-B44E-ADEFD70F6AF7}.Release|Any CPU.ActiveCfg = Release|Any CPU
		{4CB0079C-7A56-4801-B44E-ADEFD70F6AF7}.Release|Any CPU.Build.0 = Release|Any CPU
		{8CE079BF-E434-4D94-8318-D391A8C03A47}.Debug|Any CPU.ActiveCfg = Debug|Any CPU
		{8CE079BF-E434-4D94-8318-D391A8C03A47}.Debug|Any CPU.Build.0 = Debug|Any CPU
		{8CE079BF-E434-4D94-8318-D391A8C03A47}.Release|Any CPU.ActiveCfg = Release|Any CPU
		{8CE079BF-E434-4D94-8318-D391A8C03A47}.Release|Any CPU.Build.0 = Release|Any CPU
		{90CF14BD-C506-411A-8BFD-C1D6833EB047}.Debug|Any CPU.ActiveCfg = Debug|Any CPU
		{90CF14BD-C506-411A-8BFD-C1D6833EB047}.Debug|Any CPU.Build.0 = Debug|Any CPU
		{90CF14BD-C506-411A-8BFD-C1D6833EB047}.Release|Any CPU.ActiveCfg = Release|Any CPU
		{90CF14BD-C506-411A-8BFD-C1D6833EB047}.Release|Any CPU.Build.0 = Release|Any CPU
		{BAC77CA7-599D-4C74-B8C2-18F79CFB3D58}.Debug|Any CPU.ActiveCfg = Debug|Any CPU
		{BAC77CA7-599D-4C74-B8C2-18F79CFB3D58}.Debug|Any CPU.Build.0 = Debug|Any CPU
		{BAC77CA7-599D-4C74-B8C2-18F79CFB3D58}.Release|Any CPU.ActiveCfg = Release|Any CPU
		{BAC77CA7-599D-4C74-B8C2-18F79CFB3D58}.Release|Any CPU.Build.0 = Release|Any CPU
		{30C1108A-90E6-4F55-8D82-9490E92C1EEB}.Debug|Any CPU.ActiveCfg = Debug|Any CPU
		{30C1108A-90E6-4F55-8D82-9490E92C1EEB}.Debug|Any CPU.Build.0 = Debug|Any CPU
		{30C1108A-90E6-4F55-8D82-9490E92C1EEB}.Release|Any CPU.ActiveCfg = Release|Any CPU
		{30C1108A-90E6-4F55-8D82-9490E92C1EEB}.Release|Any CPU.Build.0 = Release|Any CPU
	EndGlobalSection
	GlobalSection(SolutionProperties) = preSolution
		HideSolutionNode = FALSE
	EndGlobalSection
	GlobalSection(NestedProjects) = preSolution
		{51A91C00-95C4-41F6-AB42-40A8B6358190} = {9A67BA92-84E9-4E49-B994-5CB277D6DA76}
		{9A67BA92-84E9-4E49-B994-5CB277D6DA76} = {59F9A02F-4EAB-427E-A2D8-A0498022A4EA}
		{7D72E698-3B06-449B-AA1A-55526FB7C976} = {59F9A02F-4EAB-427E-A2D8-A0498022A4EA}
		{8750FF78-67A2-4518-A315-0725915DE145} = {59F9A02F-4EAB-427E-A2D8-A0498022A4EA}
		{0975BA93-4223-4490-B2AA-EA9B146D47B4} = {8750FF78-67A2-4518-A315-0725915DE145}
		{8C6536C9-BECA-4200-9C36-F8FD01A26922} = {0975BA93-4223-4490-B2AA-EA9B146D47B4}
		{CAFB7277-D687-4B6F-BF46-49A2D4450319} = {8750FF78-67A2-4518-A315-0725915DE145}
		{9EF32D5F-3E58-4F33-8A87-0B10FCE82293} = {CAFB7277-D687-4B6F-BF46-49A2D4450319}
		{1B7BE944-38E3-4E16-9FF3-55EC0144822C} = {9A67BA92-84E9-4E49-B994-5CB277D6DA76}
		{117D73FF-2EC1-4B97-ABE9-8F895429D2A1} = {9A67BA92-84E9-4E49-B994-5CB277D6DA76}
		{1B1CCF31-F70E-4128-9135-E7C27EFC454D} = {9A67BA92-84E9-4E49-B994-5CB277D6DA76}
		{32BFD7DD-669C-4F49-B5CF-06C7A345B143} = {9A67BA92-84E9-4E49-B994-5CB277D6DA76}
		{CF5CEA6F-9042-488B-A155-061DE7DB2570} = {0975BA93-4223-4490-B2AA-EA9B146D47B4}
		{42E3D8B7-BB2E-4B2A-A5D3-2386481F91D3} = {CAFB7277-D687-4B6F-BF46-49A2D4450319}
		{2129878A-35A0-4853-AB4A-E6957154E8D1} = {0975BA93-4223-4490-B2AA-EA9B146D47B4}
		{A7F7EDBD-7C60-4D9F-8ABD-312239CEF944} = {0975BA93-4223-4490-B2AA-EA9B146D47B4}
		{9FC36F9C-2C2D-405A-A3DE-6FF8675A4D77} = {4189AC7C-3802-463F-8147-959933EEC312}
		{4189AC7C-3802-463F-8147-959933EEC312} = {8750FF78-67A2-4518-A315-0725915DE145}
		{CF94FAAB-1F7E-4130-AF6C-7BDC4C16F369} = {7D72E698-3B06-449B-AA1A-55526FB7C976}
		{D11DA7F8-F43E-4C64-BDA2-A267708575D7} = {7D72E698-3B06-449B-AA1A-55526FB7C976}
		{8FC68534-B9BD-49AE-9388-CDC7E43C3409} = {7D72E698-3B06-449B-AA1A-55526FB7C976}
		{176F95F8-3887-4F73-8D94-63C2D42D996B} = {7D72E698-3B06-449B-AA1A-55526FB7C976}
		{4CB0079C-7A56-4801-B44E-ADEFD70F6AF7} = {E918BBE2-52D1-4057-8BAF-B9C8101569C3}
		{8CE079BF-E434-4D94-8318-D391A8C03A47} = {E918BBE2-52D1-4057-8BAF-B9C8101569C3}
		{90CF14BD-C506-411A-8BFD-C1D6833EB047} = {E918BBE2-52D1-4057-8BAF-B9C8101569C3}
		{BAC77CA7-599D-4C74-B8C2-18F79CFB3D58} = {E918BBE2-52D1-4057-8BAF-B9C8101569C3}
		{30C1108A-90E6-4F55-8D82-9490E92C1EEB} = {CAFB7277-D687-4B6F-BF46-49A2D4450319}
	EndGlobalSection
	GlobalSection(ExtensibilityGlobals) = postSolution
		SolutionGuid = {25124BAD-EAD4-405F-8E6D-411A160BF824}
	EndGlobalSection
EndGlobal
