
Microsoft Visual Studio Solution File, Format Version 12.00
# Visual Studio 15
VisualStudioVersion = 15.0.28307.136
MinimumVisualStudioVersion = 10.0.40219.1
Project("{FAE04EC0-301F-11D3-BF4B-00C04F79EFBC}") = "MewsQaInterview", "mews-qa-interview\MewsQaInterview.csproj", "{A7ED3CF8-92DC-4DB1-B70A-EEA3F5265510}"
EndProject
Global
	GlobalSection(SolutionConfigurationPlatforms) = preSolution
		Debug|Any CPU = Debug|Any CPU
		Release|Any CPU = Release|Any CPU
	EndGlobalSection
	GlobalSection(ProjectConfigurationPlatforms) = postSolution
		{A7ED3CF8-92DC-4DB1-B70A-EEA3F5265510}.Debug|Any CPU.ActiveCfg = Debug|Any CPU
		{A7ED3CF8-92DC-4DB1-B70A-EEA3F5265510}.Debug|Any CPU.Build.0 = Debug|Any CPU
		{A7ED3CF8-92DC-4DB1-B70A-EEA3F5265510}.Release|Any CPU.ActiveCfg = Release|Any CPU
		{A7ED3CF8-92DC-4DB1-B70A-EEA3F5265510}.Release|Any CPU.Build.0 = Release|Any CPU
	EndGlobalSection
	GlobalSection(SolutionProperties) = preSolution
		HideSolutionNode = FALSE
	EndGlobalSection
	GlobalSection(ExtensibilityGlobals) = postSolution
		SolutionGuid = {0FAEBBFA-735B-4C2C-9706-14C4A6E0F4BD}
	EndGlobalSection
EndGlobal
