
Microsoft Visual Studio Solution File, Format Version 12.00
# Visual Studio Version 17
VisualStudioVersion = 17.9.34622.214
MinimumVisualStudioVersion = 10.0.40219.1
Project("{FAE04EC0-301F-11D3-BF4B-00C04F79EFBC}") = "ExchangeRateUpdater.Infrastructure.Interface", "ExchangeRateUpdater.Infrastructure.Interface.csproj", "{06663E65-DCE5-4A3F-9A37-837F51213D70}"
EndProject
Global
	GlobalSection(SolutionConfigurationPlatforms) = preSolution
		Debug|Any CPU = Debug|Any CPU
		Release|Any CPU = Release|Any CPU
	EndGlobalSection
	GlobalSection(ProjectConfigurationPlatforms) = postSolution
		{06663E65-DCE5-4A3F-9A37-837F51213D70}.Debug|Any CPU.ActiveCfg = Debug|Any CPU
		{06663E65-DCE5-4A3F-9A37-837F51213D70}.Debug|Any CPU.Build.0 = Debug|Any CPU
		{06663E65-DCE5-4A3F-9A37-837F51213D70}.Release|Any CPU.ActiveCfg = Release|Any CPU
		{06663E65-DCE5-4A3F-9A37-837F51213D70}.Release|Any CPU.Build.0 = Release|Any CPU
	EndGlobalSection
	GlobalSection(SolutionProperties) = preSolution
		HideSolutionNode = FALSE
	EndGlobalSection
	GlobalSection(ExtensibilityGlobals) = postSolution
		SolutionGuid = {DA9D8532-3A59-4DFB-90B0-430608B68BCA}
	EndGlobalSection
EndGlobal
