
Microsoft Visual Studio Solution File, Format Version 12.00
# Visual Studio 15
VisualStudioVersion = 15.0.27004.2010
MinimumVisualStudioVersion = 10.0.40219.1
Project("{FAE04EC0-301F-11D3-BF4B-00C04F79EFBC}") = "ExchangeRate", "ExchangeRate\ExchangeRate.csproj", "{72118850-36FD-4058-B582-FFAA746076D2}"
EndProject
Global
	GlobalSection(SolutionConfigurationPlatforms) = preSolution
		Debug|Any CPU = Debug|Any CPU
		Release|Any CPU = Release|Any CPU
	EndGlobalSection
	GlobalSection(ProjectConfigurationPlatforms) = postSolution
		{72118850-36FD-4058-B582-FFAA746076D2}.Debug|Any CPU.ActiveCfg = Debug|Any CPU
		{72118850-36FD-4058-B582-FFAA746076D2}.Debug|Any CPU.Build.0 = Debug|Any CPU
		{72118850-36FD-4058-B582-FFAA746076D2}.Release|Any CPU.ActiveCfg = Release|Any CPU
		{72118850-36FD-4058-B582-FFAA746076D2}.Release|Any CPU.Build.0 = Release|Any CPU
	EndGlobalSection
	GlobalSection(SolutionProperties) = preSolution
		HideSolutionNode = FALSE
	EndGlobalSection
	GlobalSection(ExtensibilityGlobals) = postSolution
		SolutionGuid = {A731C31C-9B78-4CEB-A314-EA47713E2838}
	EndGlobalSection
EndGlobal
