
Microsoft Visual Studio Solution File, Format Version 12.00
# Visual Studio Version 17
VisualStudioVersion = 17.0.31903.59
MinimumVisualStudioVersion = 10.0.40219.1
Project("{FAE04EC0-301F-11D3-BF4B-00C04F79EFBC}") = "ExchangeRate.Api", "ExchangeRate.Api\ExchangeRate.Api.csproj", "{F56BDC0C-15C7-4B15-9E36-DC52FECE1CE7}"
EndProject
Project("{FAE04EC0-301F-11D3-BF4B-00C04F79EFBC}") = "ExchangeRate.Application", "ExchangeRate.Application\ExchangeRate.Application.csproj", "{2BE5444D-FA67-4C88-B46F-1CBEF2999776}"
EndProject
Project("{FAE04EC0-301F-11D3-BF4B-00C04F79EFBC}") = "ExchangeRate.Infrastructure.ExternalServices", "ExchangeRate.Infrastructure.ExternalServices\ExchangeRate.Infrastructure.ExternalServices.csproj", "{27524010-FA7E-4334-863E-9019AF01CA23}"
EndProject
Project("{FAE04EC0-301F-11D3-BF4B-00C04F79EFBC}") = "ExchangeRate.UnitTest", "ExchangeRate.UnitTest\ExchangeRate.UnitTest.csproj", "{4E97BBDD-D2F4-4D7B-B9F7-DDEF7B0182DD}"
EndProject
Project("{FAE04EC0-301F-11D3-BF4B-00C04F79EFBC}") = "ExchangeRate.CrossCutting", "ExchangeRate.CrossCutting\ExchangeRate.CrossCutting.csproj", "{40A14588-F584-462B-B7E4-A6D4C0F0FA33}"
EndProject
Global
	GlobalSection(SolutionConfigurationPlatforms) = preSolution
		Debug|Any CPU = Debug|Any CPU
		Release|Any CPU = Release|Any CPU
	EndGlobalSection
	GlobalSection(ProjectConfigurationPlatforms) = postSolution
		{F56BDC0C-15C7-4B15-9E36-DC52FECE1CE7}.Debug|Any CPU.ActiveCfg = Debug|Any CPU
		{F56BDC0C-15C7-4B15-9E36-DC52FECE1CE7}.Debug|Any CPU.Build.0 = Debug|Any CPU
		{F56BDC0C-15C7-4B15-9E36-DC52FECE1CE7}.Release|Any CPU.ActiveCfg = Release|Any CPU
		{F56BDC0C-15C7-4B15-9E36-DC52FECE1CE7}.Release|Any CPU.Build.0 = Release|Any CPU
		{2BE5444D-FA67-4C88-B46F-1CBEF2999776}.Debug|Any CPU.ActiveCfg = Debug|Any CPU
		{2BE5444D-FA67-4C88-B46F-1CBEF2999776}.Debug|Any CPU.Build.0 = Debug|Any CPU
		{2BE5444D-FA67-4C88-B46F-1CBEF2999776}.Release|Any CPU.ActiveCfg = Release|Any CPU
		{2BE5444D-FA67-4C88-B46F-1CBEF2999776}.Release|Any CPU.Build.0 = Release|Any CPU
		{27524010-FA7E-4334-863E-9019AF01CA23}.Debug|Any CPU.ActiveCfg = Debug|Any CPU
		{27524010-FA7E-4334-863E-9019AF01CA23}.Debug|Any CPU.Build.0 = Debug|Any CPU
		{27524010-FA7E-4334-863E-9019AF01CA23}.Release|Any CPU.ActiveCfg = Release|Any CPU
		{27524010-FA7E-4334-863E-9019AF01CA23}.Release|Any CPU.Build.0 = Release|Any CPU
		{4E97BBDD-D2F4-4D7B-B9F7-DDEF7B0182DD}.Debug|Any CPU.ActiveCfg = Debug|Any CPU
		{4E97BBDD-D2F4-4D7B-B9F7-DDEF7B0182DD}.Debug|Any CPU.Build.0 = Debug|Any CPU
		{4E97BBDD-D2F4-4D7B-B9F7-DDEF7B0182DD}.Release|Any CPU.ActiveCfg = Release|Any CPU
		{4E97BBDD-D2F4-4D7B-B9F7-DDEF7B0182DD}.Release|Any CPU.Build.0 = Release|Any CPU
		{40A14588-F584-462B-B7E4-A6D4C0F0FA33}.Debug|Any CPU.ActiveCfg = Debug|Any CPU
		{40A14588-F584-462B-B7E4-A6D4C0F0FA33}.Debug|Any CPU.Build.0 = Debug|Any CPU
		{40A14588-F584-462B-B7E4-A6D4C0F0FA33}.Release|Any CPU.ActiveCfg = Release|Any CPU
		{40A14588-F584-462B-B7E4-A6D4C0F0FA33}.Release|Any CPU.Build.0 = Release|Any CPU
	EndGlobalSection
	GlobalSection(SolutionProperties) = preSolution
		HideSolutionNode = FALSE
	EndGlobalSection
EndGlobal
