
Microsoft Visual Studio Solution File, Format Version 12.00
# Visual Studio Version 17
VisualStudioVersion = 17.11.35327.3
MinimumVisualStudioVersion = 10.0.40219.1
Project("{9A19103F-16F7-4668-BE54-9A1E7A4F7556}") = "ExchangeRateUpdater", "Task\ExchangeRateUpdater.csproj", "{7B2695D6-D24C-4460-A58E-A10F08550CE0}"
EndProject
Project("{9A19103F-16F7-4668-BE54-9A1E7A4F7556}") = "Cnb.Api.Client", "Cnb.Api.Client\Cnb.Api.Client.csproj", "{D2B2DF85-3F92-418E-A19C-565F65FD7B10}"
EndProject
Project("{2150E333-8FDC-42A3-9474-1A3956D46DE8}") = "Solution Items", "Solution Items", "{84051BC3-298E-4901-B34D-35094D2CDFD6}"
	ProjectSection(SolutionItems) = preProject
		cnb_oas.json = cnb_oas.json
		nswag.json = nswag.json
	EndProjectSection
EndProject
Project("{FAE04EC0-301F-11D3-BF4B-00C04F79EFBC}") = "ExchangeRateUpdaterTests", "ExchangeRateUpdaterTests\ExchangeRateUpdaterTests.csproj", "{5AE24845-7F8B-4A5D-B9BD-E4BF1C803A3B}"
EndProject
Global
	GlobalSection(SolutionConfigurationPlatforms) = preSolution
		Debug|Any CPU = Debug|Any CPU
		Release|Any CPU = Release|Any CPU
	EndGlobalSection
	GlobalSection(ProjectConfigurationPlatforms) = postSolution
		{7B2695D6-D24C-4460-A58E-A10F08550CE0}.Debug|Any CPU.ActiveCfg = Debug|Any CPU
		{7B2695D6-D24C-4460-A58E-A10F08550CE0}.Debug|Any CPU.Build.0 = Debug|Any CPU
		{7B2695D6-D24C-4460-A58E-A10F08550CE0}.Release|Any CPU.ActiveCfg = Release|Any CPU
		{7B2695D6-D24C-4460-A58E-A10F08550CE0}.Release|Any CPU.Build.0 = Release|Any CPU
		{D2B2DF85-3F92-418E-A19C-565F65FD7B10}.Debug|Any CPU.ActiveCfg = Debug|Any CPU
		{D2B2DF85-3F92-418E-A19C-565F65FD7B10}.Debug|Any CPU.Build.0 = Debug|Any CPU
		{D2B2DF85-3F92-418E-A19C-565F65FD7B10}.Release|Any CPU.ActiveCfg = Release|Any CPU
		{D2B2DF85-3F92-418E-A19C-565F65FD7B10}.Release|Any CPU.Build.0 = Release|Any CPU
		{5AE24845-7F8B-4A5D-B9BD-E4BF1C803A3B}.Debug|Any CPU.ActiveCfg = Debug|Any CPU
		{5AE24845-7F8B-4A5D-B9BD-E4BF1C803A3B}.Debug|Any CPU.Build.0 = Debug|Any CPU
		{5AE24845-7F8B-4A5D-B9BD-E4BF1C803A3B}.Release|Any CPU.ActiveCfg = Release|Any CPU
		{5AE24845-7F8B-4A5D-B9BD-E4BF1C803A3B}.Release|Any CPU.Build.0 = Release|Any CPU
	EndGlobalSection
	GlobalSection(SolutionProperties) = preSolution
		HideSolutionNode = FALSE
	EndGlobalSection
	GlobalSection(ExtensibilityGlobals) = postSolution
		SolutionGuid = {04D2B080-44CF-4021-A199-15A36C270DD9}
	EndGlobalSection
EndGlobal
