
Microsoft Visual Studio Solution File, Format Version 12.00
# Visual Studio Version 17
VisualStudioVersion = 17.3.32901.215
MinimumVisualStudioVersion = 10.0.40219.1
Project("{9A19103F-16F7-4668-BE54-9A1E7A4F7556}") = "ExchangeRateUpdater.API", "ExchangeRateUpdater.API\ExchangeRateUpdater.API.csproj", "{F895E38E-7B35-499E-9F96-6B96A36E352F}"
EndProject
Project("{FAE04EC0-301F-11D3-BF4B-00C04F79EFBC}") = "ExchangeRateUpdater", "ExchangeRateUpdater\ExchangeRateUpdater.csproj", "{4129834B-4A37-4723-A2F1-0FE00F52C2FF}"
EndProject
Global
	GlobalSection(SolutionConfigurationPlatforms) = preSolution
		Debug|Any CPU = Debug|Any CPU
		Release|Any CPU = Release|Any CPU
	EndGlobalSection
	GlobalSection(ProjectConfigurationPlatforms) = postSolution
		{F895E38E-7B35-499E-9F96-6B96A36E352F}.Debug|Any CPU.ActiveCfg = Debug|Any CPU
		{F895E38E-7B35-499E-9F96-6B96A36E352F}.Debug|Any CPU.Build.0 = Debug|Any CPU
		{F895E38E-7B35-499E-9F96-6B96A36E352F}.Release|Any CPU.ActiveCfg = Release|Any CPU
		{F895E38E-7B35-499E-9F96-6B96A36E352F}.Release|Any CPU.Build.0 = Release|Any CPU
		{4129834B-4A37-4723-A2F1-0FE00F52C2FF}.Debug|Any CPU.ActiveCfg = Debug|Any CPU
		{4129834B-4A37-4723-A2F1-0FE00F52C2FF}.Debug|Any CPU.Build.0 = Debug|Any CPU
		{4129834B-4A37-4723-A2F1-0FE00F52C2FF}.Release|Any CPU.ActiveCfg = Release|Any CPU
		{4129834B-4A37-4723-A2F1-0FE00F52C2FF}.Release|Any CPU.Build.0 = Release|Any CPU
	EndGlobalSection
	GlobalSection(SolutionProperties) = preSolution
		HideSolutionNode = FALSE
	EndGlobalSection
	GlobalSection(ExtensibilityGlobals) = postSolution
		SolutionGuid = {DD44A505-AB6A-4675-AAA3-38EECB34D04C}
	EndGlobalSection
EndGlobal
