
Microsoft Visual Studio Solution File, Format Version 12.00
# Visual Studio Version 17
VisualStudioVersion = 17.8.34330.188
MinimumVisualStudioVersion = 10.0.40219.1
Project("{9A19103F-16F7-4668-BE54-9A1E7A4F7556}") = "ExchangeRateProvider.API", "ExchangeRateProvider.API\ExchangeRateProvider.API.csproj", "{F64A88A7-E719-4BCF-9CF5-B70F01DA50D6}"
EndProject
Project("{9A19103F-16F7-4668-BE54-9A1E7A4F7556}") = "ExchangeRateProvider.BusinessLogic", "ExchangeRateProvider.BusinessLogic\ExchangeRateProvider.BusinessLogic.csproj", "{9C65B1DA-AE3E-448D-AC41-AC800C75E627}"
EndProject
Project("{9A19103F-16F7-4668-BE54-9A1E7A4F7556}") = "ExchangeRateProvider.DomainEntities", "ExchangeRateProvider.DomainEntities\ExchangeRateProvider.DomainEntities.csproj", "{1B82EEFF-448B-40BD-9610-82F3F42A46B3}"
EndProject
Project("{9A19103F-16F7-4668-BE54-9A1E7A4F7556}") = "ExchangeRateProvider.Persistence", "ExchangeRateProvider.Persistence\ExchangeRateProvider.Persistence.csproj", "{9B7424B2-D098-4303-90EF-AA37EBB82F7A}"
EndProject
Project("{FAE04EC0-301F-11D3-BF4B-00C04F79EFBC}") = "ExchangeRateProvider.Test", "ExchangeRateProvider.API.Test\ExchangeRateProvider.Test.csproj", "{50F31141-4224-44D4-97AB-8CE1AB48DB67}"
EndProject
Global
	GlobalSection(SolutionConfigurationPlatforms) = preSolution
		Debug|Any CPU = Debug|Any CPU
		Release|Any CPU = Release|Any CPU
	EndGlobalSection
	GlobalSection(ProjectConfigurationPlatforms) = postSolution
		{F64A88A7-E719-4BCF-9CF5-B70F01DA50D6}.Debug|Any CPU.ActiveCfg = Debug|Any CPU
		{F64A88A7-E719-4BCF-9CF5-B70F01DA50D6}.Debug|Any CPU.Build.0 = Debug|Any CPU
		{F64A88A7-E719-4BCF-9CF5-B70F01DA50D6}.Release|Any CPU.ActiveCfg = Release|Any CPU
		{F64A88A7-E719-4BCF-9CF5-B70F01DA50D6}.Release|Any CPU.Build.0 = Release|Any CPU
		{9C65B1DA-AE3E-448D-AC41-AC800C75E627}.Debug|Any CPU.ActiveCfg = Debug|Any CPU
		{9C65B1DA-AE3E-448D-AC41-AC800C75E627}.Debug|Any CPU.Build.0 = Debug|Any CPU
		{9C65B1DA-AE3E-448D-AC41-AC800C75E627}.Release|Any CPU.ActiveCfg = Release|Any CPU
		{9C65B1DA-AE3E-448D-AC41-AC800C75E627}.Release|Any CPU.Build.0 = Release|Any CPU
		{1B82EEFF-448B-40BD-9610-82F3F42A46B3}.Debug|Any CPU.ActiveCfg = Debug|Any CPU
		{1B82EEFF-448B-40BD-9610-82F3F42A46B3}.Debug|Any CPU.Build.0 = Debug|Any CPU
		{1B82EEFF-448B-40BD-9610-82F3F42A46B3}.Release|Any CPU.ActiveCfg = Release|Any CPU
		{1B82EEFF-448B-40BD-9610-82F3F42A46B3}.Release|Any CPU.Build.0 = Release|Any CPU
		{9B7424B2-D098-4303-90EF-AA37EBB82F7A}.Debug|Any CPU.ActiveCfg = Debug|Any CPU
		{9B7424B2-D098-4303-90EF-AA37EBB82F7A}.Debug|Any CPU.Build.0 = Debug|Any CPU
		{9B7424B2-D098-4303-90EF-AA37EBB82F7A}.Release|Any CPU.ActiveCfg = Release|Any CPU
		{9B7424B2-D098-4303-90EF-AA37EBB82F7A}.Release|Any CPU.Build.0 = Release|Any CPU
		{50F31141-4224-44D4-97AB-8CE1AB48DB67}.Debug|Any CPU.ActiveCfg = Debug|Any CPU
		{50F31141-4224-44D4-97AB-8CE1AB48DB67}.Debug|Any CPU.Build.0 = Debug|Any CPU
		{50F31141-4224-44D4-97AB-8CE1AB48DB67}.Release|Any CPU.ActiveCfg = Release|Any CPU
		{50F31141-4224-44D4-97AB-8CE1AB48DB67}.Release|Any CPU.Build.0 = Release|Any CPU
	EndGlobalSection
	GlobalSection(SolutionProperties) = preSolution
		HideSolutionNode = FALSE
	EndGlobalSection
	GlobalSection(ExtensibilityGlobals) = postSolution
		SolutionGuid = {86C4BB8E-7402-4510-9A7F-3010C4842D3E}
	EndGlobalSection
EndGlobal
