lockfileVersion: '6.0'

settings:
  autoInstallPeers: true
  excludeLinksFromLockfile: false

dependencies:
  react:
    specifier: ^18.2.0
    version: 18.2.0
  react-dom:
    specifier: ^18.2.0
    version: 18.2.0(react@18.2.0)

devDependencies:
  '@rsbuild/core':
    specifier: ^0.5.1
    version: 0.5.1
  '@rsbuild/plugin-react':
    specifier: ^0.5.1
    version: 0.5.1(@rsbuild/core@0.5.1)
  '@types/react':
    specifier: ^18.2.47
    version: 18.2.67
  '@types/react-dom':
    specifier: ^18.2.18
    version: 18.2.22
  prettier:
    specifier: ^3.2.5
    version: 3.2.5
  typescript:
    specifier: ^5.4.2
    version: 5.4.2

packages:

  /@module-federation/runtime-tools@0.0.8:
    resolution: {integrity: sha512-tqx3wlVHnpWLk+vn22c0x9Nv1BqdZnoS6vdMb53IsVpbQIFP70nhhvymHUyFuPkoLzMFidS7GpG58DYT/4lvCw==}
    dependencies:
      '@module-federation/runtime': 0.0.8
      '@module-federation/webpack-bundler-runtime': 0.0.8
    dev: true

  /@module-federation/runtime@0.0.8:
    resolution: {integrity: sha512-Hi9g10aHxHdQ7CbchSvke07YegYwkf162XPOmixNmJr5Oy4wVa2d9yIVSrsWFhBRbbvM5iJP6GrSuEq6HFO3ug==}
    dependencies:
      '@module-federation/sdk': 0.0.8
    dev: true

  /@module-federation/sdk@0.0.8:
    resolution: {integrity: sha512-lkasywBItjUTNT0T0IskonDE2E/2tXE9UhUCPVoDL3NteDUSFGg4tpkF+cey1pD8mHh0XJcGrCuOW7s96peeAg==}
    dev: true

  /@module-federation/webpack-bundler-runtime@0.0.8:
    resolution: {integrity: sha512-ULwrTVzF47+6XnWybt6SIq97viEYJRv4P/DByw5h7PSX9PxSGyMm5pHfXdhcb7tno7VknL0t2V8F48fetVL9kA==}
    dependencies:
      '@module-federation/runtime': 0.0.8
      '@module-federation/sdk': 0.0.8
    dev: true

  /@rsbuild/core@0.5.1:
    resolution: {integrity: sha512-xpWRETHgRUmEgmKhK03PloiiYZ455myyGkc0VTionCLUSpdT+jyTtDUW0T+rNvHkgukH20fVvjpwMbQnT19vXw==}
    engines: {node: '>=16.0.0'}
    hasBin: true
    dependencies:
      '@rsbuild/shared': 0.5.1(@swc/helpers@0.5.3)
      '@rspack/core': 0.5.8(@swc/helpers@0.5.3)
      '@swc/helpers': 0.5.3
      core-js: 3.36.1
      html-webpack-plugin: /html-rspack-plugin@5.6.2(@rspack/core@0.5.8)
      postcss: 8.4.37
    dev: true

  /@rsbuild/plugin-react@0.5.1(@rsbuild/core@0.5.1):
    resolution: {integrity: sha512-5GkLJj/Ht+6HUOGMSXK3v3lfe4ldkaPBtKLd11XUrvGkgPrOAYHZvzF6vLSZaM2yJRr0irLTMYYTBrK+D2Iypw==}
    peerDependencies:
      '@rsbuild/core': ^0.5.1
    dependencies:
      '@rsbuild/core': 0.5.1
      '@rsbuild/shared': 0.5.1(@swc/helpers@0.5.3)
      '@rspack/plugin-react-refresh': 0.5.8(react-refresh@0.14.0)
      react-refresh: 0.14.0
    transitivePeerDependencies:
      - '@swc/helpers'
    dev: true

  /@rsbuild/shared@0.5.1(@swc/helpers@0.5.3):
    resolution: {integrity: sha512-jBa4Cm91s/1KBcDs1MgGqYbaGRtmSjJK9BQeFV1dKvQoxpXViwOO457EBmOb+T28Dy6hNJK/1f9Uza5qQ4/7Tg==}
    dependencies:
      '@rspack/core': 0.5.8(@swc/helpers@0.5.3)
      caniuse-lite: 1.0.30001599
      postcss: 8.4.37
    transitivePeerDependencies:
      - '@swc/helpers'
    dev: true

  /@rspack/binding-darwin-arm64@0.5.8:
    resolution: {integrity: sha512-kvz2f9bMoFOEuXJ/fyJzOWuNXq5EvQhA19cqgwrDRQgfc5sQ0qv2vW3qI5v2oVOHccQBwKHkVTHHDn5vWlnRsQ==}
    cpu: [arm64]
    os: [darwin]
    requiresBuild: true
    dev: true
    optional: true

  /@rspack/binding-darwin-x64@0.5.8:
    resolution: {integrity: sha512-TgVtKntzOGcIczogZXMWqqXrvK07XjRnz1ES56RYfsOVvzTEmldvX5S+pQIwYzCt7fNddIMl9muHa9qYswzFbQ==}
    cpu: [x64]
    os: [darwin]
    requiresBuild: true
    dev: true
    optional: true

  /@rspack/binding-linux-arm64-gnu@0.5.8:
    resolution: {integrity: sha512-g+4ddgEpK+R50mqKs6jPr7IiPGpukabbSBSYGGezErHMMAfgSxuRQ1IGP/pOOHQXXmHJbrbqk4Ow56vE0fKZnQ==}
    cpu: [arm64]
    os: [linux]
    requiresBuild: true
    dev: true
    optional: true

  /@rspack/binding-linux-arm64-musl@0.5.8:
    resolution: {integrity: sha512-MistQCUYkcwb4u3XTnmwGimxD161LlRZqP/7PPrInaBNCpYQYnXI4RX6RhMgusnjaW406N0XBS94Q9QNwujyxg==}
    cpu: [arm64]
    os: [linux]
    requiresBuild: true
    dev: true
    optional: true

  /@rspack/binding-linux-x64-gnu@0.5.8:
    resolution: {integrity: sha512-DlsCXeSZKKOh7T8uwIcUgbOXLcsoUVCHkWx04GDBi09OYHjrT+dc1Iqpy5uHcIScRWjtVgGnOb6M9EsyABNoAw==}
    cpu: [x64]
    os: [linux]
    requiresBuild: true
    dev: true
    optional: true

  /@rspack/binding-linux-x64-musl@0.5.8:
    resolution: {integrity: sha512-B4V5wFGig+WCNbeOwU6O8rvxzu9sONUML6YEe/NiR+e9NLsYemEQG8volZVQ4WM/SDii6G4h9z/2jEoGXcfRsQ==}
    cpu: [x64]
    os: [linux]
    requiresBuild: true
    dev: true
    optional: true

  /@rspack/binding-win32-arm64-msvc@0.5.8:
    resolution: {integrity: sha512-ubWsFoJkUQNOt1w1WDQCk5UvFPOII/dNj/orpEe+NPveEn6i+im2euK+6fKucmDrXAyC1ZhEzjJeFMjcvyS9Dg==}
    cpu: [arm64]
    os: [win32]
    requiresBuild: true
    dev: true
    optional: true

  /@rspack/binding-win32-ia32-msvc@0.5.8:
    resolution: {integrity: sha512-NPwkNbEe/IY/I93E07q3p7AM4rLDLkpgTzBPFhi6jgNzK8k/eGAUIdaEDJhEkWzsI8o8m7I5XlJyxrmK5/SWFw==}
    cpu: [ia32]
    os: [win32]
    requiresBuild: true
    dev: true
    optional: true

  /@rspack/binding-win32-x64-msvc@0.5.8:
    resolution: {integrity: sha512-ox+PdrWh5VjI3G2GCLoXJ0eZ/lLgxPQsmGkyjikJyaIuetWtMun8khvaoAspnSw3FzHCEbA62vs0ot8YV3DggQ==}
    cpu: [x64]
    os: [win32]
    requiresBuild: true
    dev: true
    optional: true

  /@rspack/binding@0.5.8:
    resolution: {integrity: sha512-RDiiBDeIwCPtqQ/CYMXoFqstaJVGZu3KoUKeuJoiN+TO77OAC0fRs7J/BvV+KLoF35SFpe/XnSLCkv+Nkk9/ow==}
    optionalDependencies:
      '@rspack/binding-darwin-arm64': 0.5.8
      '@rspack/binding-darwin-x64': 0.5.8
      '@rspack/binding-linux-arm64-gnu': 0.5.8
      '@rspack/binding-linux-arm64-musl': 0.5.8
      '@rspack/binding-linux-x64-gnu': 0.5.8
      '@rspack/binding-linux-x64-musl': 0.5.8
      '@rspack/binding-win32-arm64-msvc': 0.5.8
      '@rspack/binding-win32-ia32-msvc': 0.5.8
      '@rspack/binding-win32-x64-msvc': 0.5.8
    dev: true

  /@rspack/core@0.5.8(@swc/helpers@0.5.3):
    resolution: {integrity: sha512-F7NiiLCE//5JXsEmS36DcIUiSyi5sylZZ5MKw9ABSGrtqVDB23oOjUxP1kt/Wo6npf0V2eVuAHpoudwJ1lUmhQ==}
    engines: {node: '>=16.0.0'}
    peerDependencies:
      '@swc/helpers': '>=0.5.1'
    peerDependenciesMeta:
      '@swc/helpers':
        optional: true
    dependencies:
      '@module-federation/runtime-tools': 0.0.8
      '@rspack/binding': 0.5.8
      '@swc/helpers': 0.5.3
      browserslist: 4.23.0
      enhanced-resolve: 5.12.0
      events: 3.3.0
      graceful-fs: 4.2.10
      json-parse-even-better-errors: 3.0.1
      neo-async: 2.6.2
      tapable: 2.2.1
      watchpack: 2.4.1
      webpack-sources: 3.2.3
      zod: 3.22.4
      zod-validation-error: 1.3.1(zod@3.22.4)
    dev: true

  /@rspack/plugin-react-refresh@0.5.8(react-refresh@0.14.0):
    resolution: {integrity: sha512-y6wp0r4u+QxReP5DmKI2MTG5VfOATHIsFmbujhrM/C1Afon7azGZL7by7Rn+pc6A2ul2jigTph7Mlp7vVC3tbQ==}
    peerDependencies:
      react-refresh: '>=0.10.0 <1.0.0'
    peerDependenciesMeta:
      react-refresh:
        optional: true
    dependencies:
      react-refresh: 0.14.0
    dev: true

  /@swc/helpers@0.5.3:
    resolution: {integrity: sha512-FaruWX6KdudYloq1AHD/4nU+UsMTdNE8CKyrseXWEcgjDAbvkwJg2QGPAnfIJLIWsjZOSPLOAykK6fuYp4vp4A==}
    dependencies:
      tslib: 2.6.2
    dev: true

  /@types/prop-types@15.7.11:
    resolution: {integrity: sha512-ga8y9v9uyeiLdpKddhxYQkxNDrfvuPrlFb0N1qnZZByvcElJaXthF1UhvCh9TLWJBEHeNtdnbysW7Y6Uq8CVng==}
    dev: true

  /@types/react-dom@18.2.22:
    resolution: {integrity: sha512-fHkBXPeNtfvri6gdsMYyW+dW7RXFo6Ad09nLFK0VQWR7yGLai/Cyvyj696gbwYvBnhGtevUG9cET0pmUbMtoPQ==}
    dependencies:
      '@types/react': 18.2.67
    dev: true

  /@types/react@18.2.67:
    resolution: {integrity: sha512-vkIE2vTIMHQ/xL0rgmuoECBCkZFZeHr49HeWSc24AptMbNRo7pwSBvj73rlJJs9fGKj0koS+V7kQB1jHS0uCgw==}
    dependencies:
      '@types/prop-types': 15.7.11
      '@types/scheduler': 0.16.8
      csstype: 3.1.3
    dev: true

  /@types/scheduler@0.16.8:
    resolution: {integrity: sha512-WZLiwShhwLRmeV6zH+GkbOFT6Z6VklCItrDioxUnv+u4Ll+8vKeFySoFyK/0ctcRpOmwAicELfmys1sDc/Rw+A==}
    dev: true

  /browserslist@4.23.0:
    resolution: {integrity: sha512-QW8HiM1shhT2GuzkvklfjcKDiWFXHOeFCIA/huJPwHsslwcydgk7X+z2zXpEijP98UCY7HbubZt5J2Zgvf0CaQ==}
    engines: {node: ^6 || ^7 || ^8 || ^9 || ^10 || ^11 || ^12 || >=13.7}
    hasBin: true
    dependencies:
      caniuse-lite: 1.0.30001599
      electron-to-chromium: 1.4.711
      node-releases: 2.0.14
      update-browserslist-db: 1.0.13(browserslist@4.23.0)
    dev: true

  /caniuse-lite@1.0.30001599:
    resolution: {integrity: sha512-LRAQHZ4yT1+f9LemSMeqdMpMxZcc4RMWdj4tiFe3G8tNkWK+E58g+/tzotb5cU6TbcVJLr4fySiAW7XmxQvZQA==}
    dev: true

  /core-js@3.36.1:
    resolution: {integrity: sha512-BTvUrwxVBezj5SZ3f10ImnX2oRByMxql3EimVqMysepbC9EeMUOpLwdy6Eoili2x6E4kf+ZUB5k/+Jv55alPfA==}
    requiresBuild: true
    dev: true

  /csstype@3.1.3:
    resolution: {integrity: sha512-M1uQkMl8rQK/szD0LNhtqxIPLpimGm8sOBwU7lLnCpSbTyY3yeU1Vc7l4KT5zT4s/yOxHH5O7tIuuLOCnLADRw==}
    dev: true

  /electron-to-chromium@1.4.711:
    resolution: {integrity: sha512-hRg81qzvUEibX2lDxnFlVCHACa+LtrCPIsWAxo161LDYIB3jauf57RGsMZV9mvGwE98yGH06icj3zBEoOkxd/w==}
    dev: true

  /enhanced-resolve@5.12.0:
    resolution: {integrity: sha512-QHTXI/sZQmko1cbDoNAa3mJ5qhWUUNAq3vR0/YiD379fWQrcfuoX1+HW2S0MTt7XmoPLapdaDKUtelUSPic7hQ==}
    engines: {node: '>=10.13.0'}
    dependencies:
      graceful-fs: 4.2.10
      tapable: 2.2.1
    dev: true

  /escalade@3.1.2:
    resolution: {integrity: sha512-ErCHMCae19vR8vQGe50xIsVomy19rg6gFu3+r3jkEO46suLMWBksvVyoGgQV+jOfl84ZSOSlmv6Gxa89PmTGmA==}
    engines: {node: '>=6'}
    dev: true

  /events@3.3.0:
    resolution: {integrity: sha512-mQw+2fkQbALzQ7V0MY0IqdnXNOeTtP4r0lN9z7AAawCXgqea7bDii20AYrIBrFd/Hx0M2Ocz6S111CaFkUcb0Q==}
    engines: {node: '>=0.8.x'}
    dev: true

  /glob-to-regexp@0.4.1:
    resolution: {integrity: sha512-lkX1HJXwyMcprw/5YUZc2s7DrpAiHB21/V+E1rHUrVNokkvB6bqMzT0VfV6/86ZNabt1k14YOIaT7nDvOX3Iiw==}
    dev: true

  /graceful-fs@4.2.10:
    resolution: {integrity: sha512-9ByhssR2fPVsNZj478qUUbKfmL0+t5BDVyjShtyZZLiK7ZDAArFFfopyOTj0M05wE2tJPisA4iTnnXl2YoPvOA==}
    dev: true

  /html-rspack-plugin@5.6.2(@rspack/core@0.5.8):
    resolution: {integrity: sha512-cPGwV3odvKJ7DBAG/DxF5e0nMMvBl1zGfyDciT2xMETRrIwajwC7LtEB3cf7auoGMK6xJOOLjWJgaKHLu/FzkQ==}
    engines: {node: '>=10.13.0'}
    peerDependencies:
      '@rspack/core': 0.x || 1.x
    peerDependenciesMeta:
      '@rspack/core':
        optional: true
    dependencies:
      '@rspack/core': 0.5.8(@swc/helpers@0.5.3)
      lodash: 4.17.21
      tapable: 2.2.1
    dev: true

  /js-tokens@4.0.0:
    resolution: {integrity: sha512-RdJUflcE3cUzKiMqQgsCu06FPu9UdIJO0beYbPhHN4k6apgJtifcoCtT9bcxOpYBtpD2kCM6Sbzg4CausW/PKQ==}
    dev: false

  /json-parse-even-better-errors@3.0.1:
    resolution: {integrity: sha512-aatBvbL26wVUCLmbWdCpeu9iF5wOyWpagiKkInA+kfws3sWdBrTnsvN2CKcyCYyUrc7rebNBlK6+kteg7ksecg==}
    engines: {node: ^14.17.0 || ^16.13.0 || >=18.0.0}
    dev: true

  /lodash@4.17.21:
    resolution: {integrity: sha512-v2kDEe57lecTulaDIuNTPy3Ry4gLGJ6Z1O3vE1krgXZNrsQ+LFTGHVxVjcXPs17LhbZVGedAJv8XZ1tvj5FvSg==}
    dev: true

  /loose-envify@1.4.0:
    resolution: {integrity: sha512-lyuxPGr/Wfhrlem2CL/UcnUc1zcqKAImBDzukY7Y5F/yQiNdko6+fRLevlw1HgMySw7f611UIY408EtxRSoK3Q==}
    hasBin: true
    dependencies:
      js-tokens: 4.0.0
    dev: false

  /nanoid@3.3.7:
    resolution: {integrity: sha512-eSRppjcPIatRIMC1U6UngP8XFcz8MQWGQdt1MTBQ7NaAmvXDfvNxbvWV3x2y6CdEUciCSsDHDQZbhYaB8QEo2g==}
    engines: {node: ^10 || ^12 || ^13.7 || ^14 || >=15.0.1}
    hasBin: true
    dev: true

  /neo-async@2.6.2:
    resolution: {integrity: sha512-Yd3UES5mWCSqR+qNT93S3UoYUkqAZ9lLg8a7g9rimsWmYGK8cVToA4/sF3RrshdyV3sAGMXVUmpMYOw+dLpOuw==}
    dev: true

  /node-releases@2.0.14:
    resolution: {integrity: sha512-y10wOWt8yZpqXmOgRo77WaHEmhYQYGNA6y421PKsKYWEK8aW+cqAphborZDhqfyKrbZEN92CN1X2KbafY2s7Yw==}
    dev: true

  /picocolors@1.0.0:
    resolution: {integrity: sha512-1fygroTLlHu66zi26VoTDv8yRgm0Fccecssto+MhsZ0D/DGW2sm8E8AjW7NU5VVTRt5GxbeZ5qBuJr+HyLYkjQ==}
    dev: true

  /postcss@8.4.37:
    resolution: {integrity: sha512-7iB/v/r7Woof0glKLH8b1SPHrsX7uhdO+Geb41QpF/+mWZHU3uxxSlN+UXGVit1PawOYDToO+AbZzhBzWRDwbQ==}
    engines: {node: ^10 || ^12 || >=14}
    dependencies:
      nanoid: 3.3.7
      picocolors: 1.0.0
      source-map-js: 1.2.0
    dev: true

  /prettier@3.2.5:
    resolution: {integrity: sha512-3/GWa9aOC0YeD7LUfvOG2NiDyhOWRvt1k+rcKhOuYnMY24iiCphgneUfJDyFXd6rZCAnuLBv6UeAULtrhT/F4A==}
    engines: {node: '>=14'}
    hasBin: true
    dev: true

  /react-dom@18.2.0(react@18.2.0):
    resolution: {integrity: sha512-6IMTriUmvsjHUjNtEDudZfuDQUoWXVxKHhlEGSk81n4YFS+r/Kl99wXiwlVXtPBtJenozv2P+hxDsw9eA7Xo6g==}
    peerDependencies:
      react: ^18.2.0
    dependencies:
      loose-envify: 1.4.0
      react: 18.2.0
      scheduler: 0.23.0
    dev: false

  /react-refresh@0.14.0:
    resolution: {integrity: sha512-wViHqhAd8OHeLS/IRMJjTSDHF3U9eWi62F/MledQGPdJGDhodXJ9PBLNGr6WWL7qlH12Mt3TyTpbS+hGXMjCzQ==}
    engines: {node: '>=0.10.0'}
    dev: true

  /react@18.2.0:
    resolution: {integrity: sha512-/3IjMdb2L9QbBdWiW5e3P2/npwMBaU9mHCSCUzNln0ZCYbcfTsGbTJrU/kGemdH2IWmB2ioZ+zkxtmq6g09fGQ==}
    engines: {node: '>=0.10.0'}
    dependencies:
      loose-envify: 1.4.0
    dev: false

  /scheduler@0.23.0:
    resolution: {integrity: sha512-CtuThmgHNg7zIZWAXi3AsyIzA3n4xx7aNyjwC2VJldO2LMVDhFK+63xGqq6CsJH4rTAt6/M+N4GhZiDYPx9eUw==}
    dependencies:
      loose-envify: 1.4.0
    dev: false

  /source-map-js@1.2.0:
    resolution: {integrity: sha512-itJW8lvSA0TXEphiRoawsCksnlf8SyvmFzIhltqAHluXd88pkCd+cXJVHTDwdCr0IzwptSm035IHQktUu1QUMg==}
    engines: {node: '>=0.10.0'}
    dev: true

  /tapable@2.2.1:
    resolution: {integrity: sha512-GNzQvQTOIP6RyTfE2Qxb8ZVlNmw0n88vp1szwWRimP02mnTsx3Wtn5qRdqY9w2XduFNUgvOwhNnQsjwCp+kqaQ==}
    engines: {node: '>=6'}
    dev: true

  /tslib@2.6.2:
    resolution: {integrity: sha512-AEYxH93jGFPn/a2iVAwW87VuUIkR1FVUKB77NwMF7nBTDkDrrT/Hpt/IrCJ0QXhW27jTBDcf5ZY7w6RiqTMw2Q==}
    dev: true

  /typescript@5.4.2:
    resolution: {integrity: sha512-+2/g0Fds1ERlP6JsakQQDXjZdZMM+rqpamFZJEKh4kwTIn3iDkgKtby0CeNd5ATNZ4Ry1ax15TMx0W2V+miizQ==}
    engines: {node: '>=14.17'}
    hasBin: true
    dev: true

  /update-browserslist-db@1.0.13(browserslist@4.23.0):
    resolution: {integrity: sha512-xebP81SNcPuNpPP3uzeW1NYXxI3rxyJzF3pD6sH4jE7o/IX+WtSpwnVU+qIsDPyk0d3hmFQ7mjqc6AtV604hbg==}
    hasBin: true
    peerDependencies:
      browserslist: '>= 4.21.0'
    dependencies:
      browserslist: 4.23.0
      escalade: 3.1.2
      picocolors: 1.0.0
    dev: true

  /watchpack@2.4.1:
    resolution: {integrity: sha512-8wrBCMtVhqcXP2Sup1ctSkga6uc2Bx0IIvKyT7yTFier5AXHooSI+QyQQAtTb7+E0IUCCKyTFmXqdqgum2XWGg==}
    engines: {node: '>=10.13.0'}
    dependencies:
      glob-to-regexp: 0.4.1
      graceful-fs: 4.2.10
    dev: true

  /webpack-sources@3.2.3:
    resolution: {integrity: sha512-/DyMEOrDgLKKIG0fmvtz+4dUX/3Ghozwgm6iPp8KRhvn+eQf9+Q7GWxVNMk3+uCPWfdXYC4ExGBckIXdFEfH1w==}
    engines: {node: '>=10.13.0'}
    dev: true

  /zod-validation-error@1.3.1(zod@3.22.4):
    resolution: {integrity: sha512-cNEXpla+tREtNdAnNKY4xKY1SGOn2yzyuZMu4O0RQylX9apRpUjNcPkEc3uHIAr5Ct7LenjZt6RzjEH6+JsqVQ==}
    engines: {node: '>=16.0.0'}
    peerDependencies:
      zod: ^3.18.0
    dependencies:
      zod: 3.22.4
    dev: true

  /zod@3.22.4:
    resolution: {integrity: sha512-iC+8Io04lddc+mVqQ9AZ7OQ2MrUKGN+oIQyq1vemgt46jwCwLfhq7/pwnBnNXXXZb8VTVLKwp9EDkx+ryxIWmg==}
    dev: true
