
Microsoft Visual Studio Solution File, Format Version 12.00
# Visual Studio Version 17
VisualStudioVersion = 17.9.34622.214
MinimumVisualStudioVersion = 10.0.40219.1
Project("{FAE04EC0-301F-11D3-BF4B-00C04F79EFBC}") = "ExchangeRateUpdater.Application", "ExchangeRateUpdater.Application.csproj", "{7BE8A44C-4360-47CC-B2EC-25982369856E}"
EndProject
Global
	GlobalSection(SolutionConfigurationPlatforms) = preSolution
		Debug|Any CPU = Debug|Any CPU
		Release|Any CPU = Release|Any CPU
	EndGlobalSection
	GlobalSection(ProjectConfigurationPlatforms) = postSolution
		{7BE8A44C-4360-47CC-B2EC-25982369856E}.Debug|Any CPU.ActiveCfg = Debug|Any CPU
		{7BE8A44C-4360-47CC-B2EC-25982369856E}.Debug|Any CPU.Build.0 = Debug|Any CPU
		{7BE8A44C-4360-47CC-B2EC-25982369856E}.Release|Any CPU.ActiveCfg = Release|Any CPU
		{7BE8A44C-4360-47CC-B2EC-25982369856E}.Release|Any CPU.Build.0 = Release|Any CPU
	EndGlobalSection
	GlobalSection(SolutionProperties) = preSolution
		HideSolutionNode = FALSE
	EndGlobalSection
	GlobalSection(ExtensibilityGlobals) = postSolution
		SolutionGuid = {5865BA49-7DC3-4980-AAB4-41E6BF40E527}
	EndGlobalSection
EndGlobal
