
Microsoft Visual Studio Solution File, Format Version 12.00
# Visual Studio 15
VisualStudioVersion = 15.0.26020.0
MinimumVisualStudioVersion = 10.0.40219.1
Project("{FAE04EC0-301F-11D3-BF4B-00C04F79EFBC}") = "ExchangeRateUpdater", "ExchangeRateUpdater.csproj", "{7B2695D6-D24C-4460-A58E-A10F08550CE0}"
EndProject
Project("{FAE04EC0-301F-11D3-BF4B-00C04F79EFBC}") = "ExchangeRateUpdater.Domain", "ExchangeRateUpdater.Domain\ExchangeRateUpdater.Domain.csproj", "{B5586436-B9AD-4727-B852-03EDF4346324}"
EndProject
Project("{FAE04EC0-301F-11D3-BF4B-00C04F79EFBC}") = "ExchangeRateUpdater.NorwegianBank", "ExchangeRateUpdater.NorwegianBank\ExchangeRateUpdater.NorwegianBank.csproj", "{560F6A83-40A5-4C7B-A770-41020FA266FB}"
EndProject
Global
	GlobalSection(SolutionConfigurationPlatforms) = preSolution
		Debug|Any CPU = Debug|Any CPU
		Release|Any CPU = Release|Any CPU
	EndGlobalSection
	GlobalSection(ProjectConfigurationPlatforms) = postSolution
		{7B2695D6-D24C-4460-A58E-A10F08550CE0}.Debug|Any CPU.ActiveCfg = Debug|Any CPU
		{7B2695D6-D24C-4460-A58E-A10F08550CE0}.Debug|Any CPU.Build.0 = Debug|Any CPU
		{7B2695D6-D24C-4460-A58E-A10F08550CE0}.Release|Any CPU.ActiveCfg = Release|Any CPU
		{7B2695D6-D24C-4460-A58E-A10F08550CE0}.Release|Any CPU.Build.0 = Release|Any CPU
		{B5586436-B9AD-4727-B852-03EDF4346324}.Debug|Any CPU.ActiveCfg = Debug|Any CPU
		{B5586436-B9AD-4727-B852-03EDF4346324}.Debug|Any CPU.Build.0 = Debug|Any CPU
		{B5586436-B9AD-4727-B852-03EDF4346324}.Release|Any CPU.ActiveCfg = Release|Any CPU
		{B5586436-B9AD-4727-B852-03EDF4346324}.Release|Any CPU.Build.0 = Release|Any CPU
		{560F6A83-40A5-4C7B-A770-41020FA266FB}.Debug|Any CPU.ActiveCfg = Debug|Any CPU
		{560F6A83-40A5-4C7B-A770-41020FA266FB}.Debug|Any CPU.Build.0 = Debug|Any CPU
		{560F6A83-40A5-4C7B-A770-41020FA266FB}.Release|Any CPU.ActiveCfg = Release|Any CPU
		{560F6A83-40A5-4C7B-A770-41020FA266FB}.Release|Any CPU.Build.0 = Release|Any CPU
	EndGlobalSection
	GlobalSection(SolutionProperties) = preSolution
		HideSolutionNode = FALSE
	EndGlobalSection
EndGlobal
